{
  "version": 2,
  "dependencies": {
    "net10.0": {
      "Aspire.StackExchange.Redis.OutputCaching": {
        "type": "Direct",
        "requested": "[13.4.6, )",
        "resolved": "13.4.6",
        "contentHash": "/QQKDTh+bX/5bCJKpM3l51LCoDnRTO11MyrZiDiv8vXDNnrX16nhX6XANPmqPv99MZJvp/nYt4OGYuj104waHw==",
        "dependencies": {
          "AspNetCore.HealthChecks.Redis": "9.0.0",
          "Aspire.StackExchange.Redis": "13.4.6",
          "Microsoft.AspNetCore.OutputCaching.StackExchangeRedis": "10.0.8",
          "Microsoft.Extensions.DependencyInjection.AutoActivation": "10.6.0",
          "OpenTelemetry.Extensions.Hosting": "1.15.3",
          "StackExchange.Redis": "2.13.1",
          "System.IO.Hashing": "10.0.8"
        }
      },
      "Microsoft.AspNetCore.App.Internal.Assets": {
        "type": "Direct",
        "requested": "[10.0.0, )",
        "resolved": "10.0.0",
        "contentHash": "0gZrESKwnlmbE8Br8XIy3kk7Pj0++9T2Ly+A8BFYYgo5EgfqWEln26cho+l92KOaHUzclhvz314RiwE910s24g=="
      },
      "MudBlazor": {
        "type": "Direct",
        "requested": "[9.6.0, )",
        "resolved": "9.6.0",
        "contentHash": "2bziL5wy8axn82R3hPB0WBlK7o+dKYOOje0Jw7E0oqxAhFll/uqZkvVdFR/rfyA5I7sldyPs6eWO6smkMJbDZQ=="
      },
      "SonarAnalyzer.CSharp": {
        "type": "Direct",
        "requested": "[10.28.0.143324, )",
        "resolved": "10.28.0.143324",
        "contentHash": "ZnmYHFiQw2Aph2ft9c7UqVrqe79aZR5l7oeG59+sgrSAO9J159meglP1Zo34+Mcw4etIUTC9btYnP0Ar/rQIyg=="
      },
      "Aspire.StackExchange.Redis": {
        "type": "Transitive",
        "resolved": "13.4.6",
        "contentHash": "eIdqyDrChSFrGInWzY6fp175grYvYVpaiWcymYMDSvrDj8gpGddOqEFKftylOMlxUEBkaxLt1itm0KHBY8DhZg==",
        "dependencies": {
          "AspNetCore.HealthChecks.Redis": "9.0.0",
          "Microsoft.Extensions.DependencyInjection.AutoActivation": "10.6.0",
          "OpenTelemetry.Extensions.Hosting": "1.15.3",
          "StackExchange.Redis": "2.13.1",
          "System.IO.Hashing": "10.0.8"
        }
      },
      "AspNetCore.HealthChecks.Redis": {
        "type": "Transitive",
        "resolved": "9.0.0",
        "contentHash": "yNH0h8GLRbAf+PU5HNVLZ5hNeyq9mDVmRKO9xuZsme/znUYoBJlQvI0gq45gaZNlLncCHkMhR4o90MuT+gxxPw==",
        "dependencies": {
          "StackExchange.Redis": "2.7.4"
        }
      },
      "Microsoft.AspNetCore.OutputCaching.StackExchangeRedis": {
        "type": "Transitive",
        "resolved": "10.0.8",
        "contentHash": "+7a3KjrMIBvHpf/KlG1F9tjQzw7EL2MO9prFYi4nfHKeVT+JPdhuRUMIL2wS95cV0meB06BI4WCwoWXVSokkwQ==",
        "dependencies": {
          "StackExchange.Redis": "2.7.27"
        }
      },
      "Microsoft.Extensions.AmbientMetadata.Application": {
        "type": "Transitive",
        "resolved": "10.7.0",
        "contentHash": "yZ0818pVYQvUFW/1m+f8A1+lIAeSeQxEOdUCMIC+tqcRRKlqNjKPRKvGHPp8xLRbZBLaHfBtDslJa/sofn7J/Q=="
      },
      "Microsoft.Extensions.Compliance.Abstractions": {
        "type": "Transitive",
        "resolved": "10.7.0",
        "contentHash": "qbi6lg6dyvydBvpjXeBx3wLPvmgXWn3nwkKBOsgEck6w++BEsBcv8YhdcczME16Oq+a6wkdtna9/qCEkxsNw5A=="
      },
      "Microsoft.Extensions.DependencyInjection.AutoActivation": {
        "type": "Transitive",
        "resolved": "10.7.0",
        "contentHash": "WrSK0FGHSjSY4Pg4kd9Du8CUDwrgFTwHH1Y+N7sjyT6RFMU+G3coQ/Uq9PMGdQcy+DVKSMGHjfmWY47ZoYvhNA=="
      },
      "Microsoft.Extensions.Diagnostics.ExceptionSummarization": {
        "type": "Transitive",
        "resolved": "10.7.0",
        "contentHash": "Kc4XbbxtCzvn2P/fKF48xLWPbp3N5DV0MkJlgPJHEb47PUqCJ6kEl/JTKfpmP7QLuwYjx2QxKTdtwXfpjgA6KQ=="
      },
      "Microsoft.Extensions.Http.Diagnostics": {
        "type": "Transitive",
        "resolved": "10.7.0",
        "contentHash": "1m1zdBGW5J8MOxdZpJ5mUqdSaamRrYkpmfnEfeDmlZnglpfgDztcKOBU6cVsmn90AB7Ji2w8USvEsJ8PahbBWQ==",
        "dependencies": {
          "Microsoft.Extensions.Telemetry": "10.7.0"
        }
      },
      "Microsoft.Extensions.Resilience": {
        "type": "Transitive",
        "resolved": "10.7.0",
        "contentHash": "ldUrtRzWSnfe5945xoSxDXxoWXnIKn19E74Huieyp76XW/BjRk3bhkILSSib1NKdZ2lpi/ReTvOpNGcJ8hkOxw==",
        "dependencies": {
          "Microsoft.Extensions.Diagnostics.ExceptionSummarization": "10.7.0",
          "Microsoft.Extensions.Telemetry.Abstractions": "10.7.0",
          "Polly.Extensions": "8.4.2",
          "Polly.RateLimiting": "8.4.2"
        }
      },
      "Microsoft.Extensions.ServiceDiscovery.Abstractions": {
        "type": "Transitive",
        "resolved": "10.7.0",
        "contentHash": "1a/tCYg7+5HdJRQ0BQDDGzANBaw/1fony7eNsMwQ5n9FZmO3K5JCls02o8fwQc296l0szNBwroLRtXf94OZw9A=="
      },
      "Microsoft.Extensions.Telemetry": {
        "type": "Transitive",
        "resolved": "10.7.0",
        "contentHash": "vZFNVvkz+7IABEv4klzPX/ZdmZQ6TrcReKUfeYIrQ2bbnvEcgZtG1RmOGeWkc1hFg8cq9sAgUc2lHCqlXSqf5A==",
        "dependencies": {
          "Microsoft.Extensions.AmbientMetadata.Application": "10.7.0",
          "Microsoft.Extensions.DependencyInjection.AutoActivation": "10.7.0",
          "Microsoft.Extensions.Telemetry.Abstractions": "10.7.0"
        }
      },
      "Microsoft.Extensions.Telemetry.Abstractions": {
        "type": "Transitive",
        "resolved": "10.7.0",
        "contentHash": "ir1QKShZzfEmqO9LUWESVMUDZdnxYBSKQyulYPMeaye531lAuT8YTotthx+htrrS8hZY52HANeqowLQyCYBCZg==",
        "dependencies": {
          "Microsoft.Extensions.Compliance.Abstractions": "10.7.0"
        }
      },
      "Microsoft.OpenApi": {
        "type": "Transitive",
        "resolved": "2.7.5",
        "contentHash": "0FA67RSnRM4tcBKqiqVu/HPdZ9+QOKbmeRjxRUGTCjPU4C0bmUhd97Dso7Yild5P7nOV6GxJ2xrK0Kv/O9xp0w=="
      },
      "Npgsql": {
        "type": "Transitive",
        "resolved": "10.0.3",
        "contentHash": "7nb5YzXuvWWJxB0J8DiyL3we+X4FOctZrt0fIBnucOIaIevFEEwGQVZKtiu9olXdlNAK1eNgqSral6r/jlhI4w=="
      },
      "OpenTelemetry": {
        "type": "Transitive",
        "resolved": "1.16.0",
        "contentHash": "nE/Px3MUvQC8c0UG0DOP5OJE7vMtiMaPYi/6TkSS/o/O0s/oPq+8WaPYTVEPzb7lwu/QyLgknc+sFm2FjPXe2A==",
        "dependencies": {
          "OpenTelemetry.Api.ProviderBuilderExtensions": "1.16.0"
        }
      },
      "OpenTelemetry.Api": {
        "type": "Transitive",
        "resolved": "1.16.0",
        "contentHash": "WZP8Eb6vZTeNqeV+fjBitc7iefBoTHIhaWorqg/h/YiQBlcQJu0bICuTqKV0XRyjiE0eWs80yLlnUtHAFSkFWA=="
      },
      "OpenTelemetry.Api.ProviderBuilderExtensions": {
        "type": "Transitive",
        "resolved": "1.16.0",
        "contentHash": "hZwaHAkXvUNn9+cS+vEvYBgIrIQOQRz2cIRUODZ5gxHsDsLeNCueLgZFkybopjE0jUhLut6lm5eL3LTqbW0hMg==",
        "dependencies": {
          "OpenTelemetry.Api": "1.16.0"
        }
      },
      "Pipelines.Sockets.Unofficial": {
        "type": "Transitive",
        "resolved": "2.2.16",
        "contentHash": "nonu9l0YrZH6krVYbskBjE7uG0VMAnvOQ9PU+RmzUsy+++vHkqzzCkHRoP877OiA3iRTxJyNDLfpcU8hrJ3/YQ=="
      },
      "Polly.Core": {
        "type": "Transitive",
        "resolved": "8.4.2",
        "contentHash": "BpE2I6HBYYA5tF0Vn4eoQOGYTYIK1BlF5EXVgkWGn3mqUUjbXAr13J6fZVbp7Q3epRR8yshacBMlsHMhpOiV3g=="
      },
      "Polly.Extensions": {
        "type": "Transitive",
        "resolved": "8.4.2",
        "contentHash": "GZ9vRVmR0jV2JtZavt+pGUsQ1O1cuRKG7R7VOZI6ZDy9y6RNPvRvXK1tuS4ffUrv8L0FTea59oEuQzgS0R7zSA==",
        "dependencies": {
          "Polly.Core": "8.4.2"
        }
      },
      "Polly.RateLimiting": {
        "type": "Transitive",
        "resolved": "8.4.2",
        "contentHash": "ehTImQ/eUyO07VYW2WvwSmU9rRH200SKJ/3jku9rOkyWE0A2JxNFmAVms8dSn49QLSjmjFRRSgfNyOgr/2PSmA==",
        "dependencies": {
          "Polly.Core": "8.4.2"
        }
      },
      "ReactiveUI.Disposables": {
        "type": "Transitive",
        "resolved": "6.0.0",
        "contentHash": "+4SXyR40eHcCoAeLZWWMM4SE6uxxJgJSStMrRkbFVIFd3n8Pqzd/wCkVDt2q6Z9VC4TTF2HRDa3M6BY73iyS2g=="
      },
      "ReactiveUI.Primitives": {
        "type": "Transitive",
        "resolved": "6.0.0",
        "contentHash": "LHJCaF4dmmLCyl7pyBYTx3BuV17uwQj5oqR3yCIN+M0abd5536eH+KW4Fu9Bc+rFe4x6LD5YioKO27ytPUXy5A==",
        "dependencies": {
          "ReactiveUI.Disposables": "6.0.0",
          "ReactiveUI.Primitives.Core": "6.0.0"
        }
      },
      "ReactiveUI.Primitives.Core": {
        "type": "Transitive",
        "resolved": "6.0.0",
        "contentHash": "Ffky9BPfRbWJYeUWVLjno07/GcvFFnkXZ+NnrXmAkNnmGfKmSDGYvz2xvmaoUECucT7UBSUr7WO2+X/4fRpPDw==",
        "dependencies": {
          "ReactiveUI.Disposables": "6.0.0"
        }
      },
      "Refit": {
        "type": "Transitive",
        "resolved": "13.1.0",
        "contentHash": "Hd0zEcLAm/7Hk8xRRaXftxbLzvQ04La6IZBFYG2g/dC9e6jQBYEVBEr8OA/iSbLYQFEhTJ3XyjpFSz1MFHpYEg==",
        "dependencies": {
          "ReactiveUI.Primitives": "6.0.0"
        }
      },
      "StackExchange.Redis": {
        "type": "Transitive",
        "resolved": "2.13.1",
        "contentHash": "jC5wkRe8K6HPoDENUws+fl2d7+GKz+ky8SWEDzYzPx6hHt2EwxWm01gmYPWLzlT49jfYYap0guB5bExtyX9aIQ==",
        "dependencies": {
          "Pipelines.Sockets.Unofficial": "2.2.16",
          "System.IO.Hashing": "10.0.2"
        }
      },
      "Swashbuckle.AspNetCore.Swagger": {
        "type": "Transitive",
        "resolved": "10.2.3",
        "contentHash": "1jUUs3WQnrS0FUtaZPLSy1yYMEwS1zlvDmvQ2/eldPHUANX0LJSLVZecCMgSMdeGiRqeaRrIXLtSz++TCiTMww==",
        "dependencies": {
          "Microsoft.OpenApi": "2.7.5"
        }
      },
      "Swashbuckle.AspNetCore.SwaggerGen": {
        "type": "Transitive",
        "resolved": "10.2.3",
        "contentHash": "y7t4coDRAeFYChmvlMRiH2OjbiRrm9AVIDgt17fQfs3x9PVAI5PiwWYOhg+4F13R4Q36WDc9lqfoOnNa3tNbGg==",
        "dependencies": {
          "Swashbuckle.AspNetCore.Swagger": "10.2.3"
        }
      },
      "System.IO.Hashing": {
        "type": "Transitive",
        "resolved": "10.0.8",
        "contentHash": "+dJsbPJ3FyUbTZNplFj0RCKePFizmv6ewDV46JE9q/IVH4c3xTCftHfHelLsAKf0jryIPqgMb5GpS0x7TAY3mg=="
      },
      "System.Security.Cryptography.Pkcs": {
        "type": "Transitive",
        "resolved": "8.0.1",
        "contentHash": "CoCRHFym33aUSf/NtWSVSZa99dkd0Hm7OCZUxORBjRB16LNhIEOf8THPqzIYlvKM0nNDAPTRBa1FxEECrgaxxA=="
      },
      "adminassistant.api.client": {
        "type": "Project",
        "dependencies": {
          "AdminAssistant.Api.Contracts": "[1.0.0, )",
          "Refit.HttpClientFactory": "[13.1.0, )"
        }
      },
      "adminassistant.api.contracts": {
        "type": "Project",
        "dependencies": {
          "AdminAssistant.DomainModel": "[1.0.0, )",
          "Swashbuckle.AspNetCore.Annotations": "[10.2.3, )"
        }
      },
      "adminassistant.aspire.servicedefaults": {
        "type": "Project",
        "dependencies": {
          "Microsoft.Extensions.Http.Resilience": "[10.7.0, )",
          "Microsoft.Extensions.ServiceDiscovery": "[10.7.0, )",
          "Npgsql.OpenTelemetry": "[10.0.3, )",
          "OpenTelemetry.Exporter.Console": "[1.16.0, )",
          "OpenTelemetry.Exporter.OpenTelemetryProtocol": "[1.16.0, )",
          "OpenTelemetry.Extensions.Hosting": "[1.16.0, )",
          "OpenTelemetry.Instrumentation.AspNetCore": "[1.16.0, )",
          "OpenTelemetry.Instrumentation.EntityFrameworkCore": "[1.0.0-beta.8, )",
          "OpenTelemetry.Instrumentation.GrpcNetClient": "[1.6.0-beta.3, )",
          "OpenTelemetry.Instrumentation.Http": "[1.16.0, )",
          "OpenTelemetry.Instrumentation.Runtime": "[1.15.1, )",
          "OpenTelemetry.Instrumentation.SqlClient": "[1.16.0, )"
        }
      },
      "adminassistant.domainmodel": {
        "type": "Project",
        "dependencies": {
          "Ardalis.Extensions": "[0.9.4, )",
          "Ardalis.GuardClauses": "[5.0.0, )",
          "Ardalis.Result": "[10.1.0, )",
          "FluentValidation": "[12.1.1, )",
          "SimonGeering.Framework": "[1.0.0, )"
        }
      },
      "adminassistant.infrastructure.clientside": {
        "type": "Project",
        "dependencies": {
          "Ardalis.GuardClauses": "[5.0.0, )",
          "PDFsharp": "[6.2.4, )"
        }
      },
      "adminassistant.ui": {
        "type": "Project",
        "dependencies": {
          "AdminAssistant.Api.Client": "[1.0.0, )",
          "AdminAssistant.DomainModel": "[1.0.0, )",
          "AdminAssistant.Infrastructure.ClientSide": "[1.0.0, )",
          "Ardalis.GuardClauses": "[5.0.0, )",
          "CommunityToolkit.Mvvm": "[8.4.2, )"
        }
      },
      "simongeering.framework": {
        "type": "Project"
      },
      "Ardalis.Extensions": {
        "type": "CentralTransitive",
        "requested": "[0.9.4, )",
        "resolved": "0.9.4",
        "contentHash": "5JDKpMiEsxbz9N1yynsMFc2rBXDQ5iHLockW8lxahqlj9B5gxbENTAXBY2Jswp4vcGG+cNQxv81KrUqd4mXQSA==",
        "dependencies": {
          "Ardalis.GuardClauses": "3.2.0"
        }
      },
      "Ardalis.GuardClauses": {
        "type": "CentralTransitive",
        "requested": "[5.0.0, )",
        "resolved": "5.0.0",
        "contentHash": "jVPRvLw0xIUFto2cMrKgRYADWIHbEEfzZHGiU/swwNgl1zo28Q1zfSa3VUC3C0s9DyhFDPSaF4dEDQRyTZUcyQ=="
      },
      "Ardalis.Result": {
        "type": "CentralTransitive",
        "requested": "[10.1.0, )",
        "resolved": "10.1.0",
        "contentHash": "+WgsXh+JRm0d8BZPlBUc5w0+FTda4vbWRa/IF2q4zDoRsU5BXr8w4rTbYEklZIMNgQQZTcNouR/QfBV5I/4XYQ=="
      },
      "CommunityToolkit.Mvvm": {
        "type": "CentralTransitive",
        "requested": "[8.4.2, )",
        "resolved": "8.4.2",
        "contentHash": "WadCzGEc2U+3e20avRLng4qNtt4zoOGWrdUISqJWrHe3/FSnrYjuM5Sb4yQb09LhkBXrrI4Zt3dLKgRMbItsrg=="
      },
      "FluentValidation": {
        "type": "CentralTransitive",
        "requested": "[12.1.1, )",
        "resolved": "12.1.1",
        "contentHash": "EPpkIe1yh1a0OXyC100oOA8WMbZvqUu5plwhvYcb7oSELfyUZzfxV48BLhvs3kKo4NwG7MGLNgy1RJiYtT8Dpw=="
      },
      "Microsoft.Extensions.Http.Resilience": {
        "type": "CentralTransitive",
        "requested": "[10.7.0, )",
        "resolved": "10.7.0",
        "contentHash": "3Lip0MkBVPtqU1wCM2M2Y8CzsqxA1BanVNMV9LQYMTwBgy25NDe6U9nSk6SfmsxXlh77iwSQuPsyjt5mxrOGmQ==",
        "dependencies": {
          "Microsoft.Extensions.Http.Diagnostics": "10.7.0",
          "Microsoft.Extensions.Resilience": "10.7.0"
        }
      },
      "Microsoft.Extensions.ServiceDiscovery": {
        "type": "CentralTransitive",
        "requested": "[10.7.0, )",
        "resolved": "10.7.0",
        "contentHash": "UgBfP98NmKDjx/2jbLGkckSlc8XG4ubkjPrqACE2i9LPmrgoYGWTh9snybRUGBm0sTchsq3on81XRxfvX+XC5g==",
        "dependencies": {
          "Microsoft.Extensions.ServiceDiscovery.Abstractions": "10.7.0"
        }
      },
      "Npgsql.OpenTelemetry": {
        "type": "CentralTransitive",
        "requested": "[10.0.3, )",
        "resolved": "10.0.3",
        "contentHash": "ShsdG/FHxJ2VuWM6tebJL/mCWkcxymmvtENN59c85EsJdT4TStWwwtgZoBu/9UvC0qi1jpFZ6bOfl9ijiWD+vA==",
        "dependencies": {
          "Npgsql": "10.0.3",
          "OpenTelemetry.API": "1.15.3"
        }
      },
      "OpenTelemetry.Exporter.Console": {
        "type": "CentralTransitive",
        "requested": "[1.16.0, )",
        "resolved": "1.16.0",
        "contentHash": "cv3pKEn3KyJUNz9o8kvu5UN0NJEUoNSo5hJR4rgbfvqM6oA3moj+tkpbbQrE3bDvetBvYBes17ZxQxBBTvnJ+w==",
        "dependencies": {
          "OpenTelemetry": "1.16.0"
        }
      },
      "OpenTelemetry.Exporter.OpenTelemetryProtocol": {
        "type": "CentralTransitive",
        "requested": "[1.16.0, )",
        "resolved": "1.16.0",
        "contentHash": "gzYLY8sVDY5FYtVlCYSzBYX53xslRlvBLxwFYOdNIhc76SgKdFYUoDQXOeQI3WPBCrZp51QNcP6fZHh1+HtpIQ==",
        "dependencies": {
          "OpenTelemetry": "1.16.0"
        }
      },
      "OpenTelemetry.Extensions.Hosting": {
        "type": "CentralTransitive",
        "requested": "[1.16.0, )",
        "resolved": "1.16.0",
        "contentHash": "/YfrO5MRaA156vhNanYGPX2JjOwKUrA0+Jf7ltT2eD3VkfHqXcEJY5Oxt/nWH8lqBOTc1nJpn2soBtD5Cml8Dg==",
        "dependencies": {
          "OpenTelemetry": "1.16.0"
        }
      },
      "OpenTelemetry.Instrumentation.AspNetCore": {
        "type": "CentralTransitive",
        "requested": "[1.16.0, )",
        "resolved": "1.16.0",
        "contentHash": "vSC5EsmBVNcqXMh9BGkkq8zkoUjrg8ghBDb9zbKR8Bqjd05utjVgVft+fqsqQVsvlV5olGj1pBliHBngcIGSIg==",
        "dependencies": {
          "OpenTelemetry.Api.ProviderBuilderExtensions": "[1.16.0, 2.0.0)"
        }
      },
      "OpenTelemetry.Instrumentation.EntityFrameworkCore": {
        "type": "CentralTransitive",
        "requested": "[1.0.0-beta.8, )",
        "resolved": "1.0.0-beta.8",
        "contentHash": "ilfbH1bDPm9YytgspAnQRVy3Hw0rNkYhjNJSNeT9QFWrwXAjCYVPVGTpHOgzM9gB5bS/u+04IgQainDzthUnVA==",
        "dependencies": {
          "OpenTelemetry.Api.ProviderBuilderExtensions": "[1.6.0, 2.0.0)"
        }
      },
      "OpenTelemetry.Instrumentation.GrpcNetClient": {
        "type": "CentralTransitive",
        "requested": "[1.6.0-beta.3, )",
        "resolved": "1.6.0-beta.3",
        "contentHash": "nzw8D5in6Hg/GbjNlq2FETP4GjSckae9hPGTxAUO7UiOS1lqkyxZJ7f4ntIjFKbiS3wuA9wPfQVH/3CaPV6EvQ==",
        "dependencies": {
          "OpenTelemetry": "1.6.0"
        }
      },
      "OpenTelemetry.Instrumentation.Http": {
        "type": "CentralTransitive",
        "requested": "[1.16.0, )",
        "resolved": "1.16.0",
        "contentHash": "+Sz3lfvMXwWE8s/sMruHCDlO/+cArFVc6oBg1tCb70BKlL9FCC7uK4Ar2/VP9Hhwvs+UwaW1vGzE/uiByVHXiA==",
        "dependencies": {
          "OpenTelemetry.Api.ProviderBuilderExtensions": "[1.16.0, 2.0.0)"
        }
      },
      "OpenTelemetry.Instrumentation.Runtime": {
        "type": "CentralTransitive",
        "requested": "[1.15.1, )",
        "resolved": "1.15.1",
        "contentHash": "cpPwlUT5HXcLGPaIgsbSy0W9eFYAPGVbTP1p8/uyQ4Osvf5BJuPpEXE7crL09SmEd44r0DGNKDtsqxaAz0HxQw==",
        "dependencies": {
          "OpenTelemetry.Api": "[1.15.3, 2.0.0)"
        }
      },
      "OpenTelemetry.Instrumentation.SqlClient": {
        "type": "CentralTransitive",
        "requested": "[1.16.0, )",
        "resolved": "1.16.0",
        "contentHash": "gZCmdQN24ty9FNLKYUR0VAojTByO650HgN89Ddoi9AIA2L3XqIHyUadNnFuIOKNo6+Pgrn4NgehvOzcmYhcl7A==",
        "dependencies": {
          "OpenTelemetry.Api.ProviderBuilderExtensions": "[1.16.0, 2.0.0)"
        }
      },
      "PDFsharp": {
        "type": "CentralTransitive",
        "requested": "[6.2.4, )",
        "resolved": "6.2.4",
        "contentHash": "GhTr9F1uOYXHCIEOB5PXIgqn5a8WLsJL2m0eewTA0IvY1j6N4HGXHKKmEyB90/N6vrjmYamf41V9zbmdW2HY3g==",
        "dependencies": {
          "System.Security.Cryptography.Pkcs": "8.0.1"
        }
      },
      "Refit.HttpClientFactory": {
        "type": "CentralTransitive",
        "requested": "[13.1.0, )",
        "resolved": "13.1.0",
        "contentHash": "hlAGIM0fXyZ2Vcv/WkkL2j24vi3JI3HAXyxjx0FrLzCbJIAps2RQvfOtE9NwtYGEf5/fa6qQld6k4e0YAHhQTg==",
        "dependencies": {
          "ReactiveUI.Primitives": "6.0.0",
          "Refit": "13.1.0"
        }
      },
      "Swashbuckle.AspNetCore.Annotations": {
        "type": "CentralTransitive",
        "requested": "[10.2.3, )",
        "resolved": "10.2.3",
        "contentHash": "plbv/9BrcOQfCop5avxdMzp9Qw3jRPdCDaCkwIAYmEcjPUhNwUKqIYBPcXfAU4Jw5gVGj1bKTUuwYx9M43hPPg==",
        "dependencies": {
          "Swashbuckle.AspNetCore.SwaggerGen": "10.2.3"
        }
      }
    }
  }
}