Microsoft Visual Studio Solution File, Format Version 12.00
# Visual Studio Version 17
VisualStudioVersion = 17.8.0.0
MinimumVisualStudioVersion = 17.8.0.0
Project("{9A19103F-16F7-4668-BE54-9A1E7A4F7556}") = "AspireStarter.AppHost", "AspireStarter.AppHost\AspireStarter.AppHost.csproj", "{C84D40AF-6A30-4CBC-8B55-D18F6FD4FA44}"
EndProject
Project("{9A19103F-16F7-4668-BE54-9A1E7A4F7556}") = "AspireStarter.ServiceDefaults", "AspireStarter.ServiceDefaults\AspireStarter.ServiceDefaults.csproj", "{C1A4B0A0-03FB-4674-A65E-1CB3B8FF3BEC}"
EndProject
Project("{9A19103F-16F7-4668-BE54-9A1E7A4F7556}") = "AspireStarter.ApiService", "AspireStarter.ApiService\AspireStarter.ApiService.csproj", "{9EDA16C1-1206-4682-A1DC-B5F29CCD0EFF}"
EndProject
Project("{9A19103F-16F7-4668-BE54-9A1E7A4F7556}") = "AspireStarter.Tests", "AspireStarter.Tests\AspireStarter.Tests.csproj", "{089FCCFF-7201-46A8-8407-6355BCA12BC5}"
EndProject
Project("{9A19103F-16F7-4668-BE54-9A1E7A4F7556}") = "AspireStarter.Web", "AspireStarter.Web\AspireStarter.Web.csproj", "{A49DFAD0-6290-4F6A-AA3C-DBC351419C85}"
EndProject
Global
	GlobalSection(SolutionConfigurationPlatforms) = preSolution
		Debug|Any CPU = Debug|Any CPU
		Release|Any CPU = Release|Any CPU
	EndGlobalSection
	GlobalSection(ProjectConfigurationPlatforms) = postSolution
		{C84D40AF-6A30-4CBC-8B55-D18F6FD4FA44}.Debug|Any CPU.ActiveCfg = Debug|Any CPU
		{C84D40AF-6A30-4CBC-8B55-D18F6FD4FA44}.Debug|Any CPU.Build.0 = Debug|Any CPU
		{C84D40AF-6A30-4CBC-8B55-D18F6FD4FA44}.Release|Any CPU.ActiveCfg = Release|Any CPU
		{C84D40AF-6A30-4CBC-8B55-D18F6FD4FA44}.Release|Any CPU.Build.0 = Release|Any CPU
		{C1A4B0A0-03FB-4674-A65E-1CB3B8FF3BEC}.Debug|Any CPU.ActiveCfg = Debug|Any CPU
		{C1A4B0A0-03FB-4674-A65E-1CB3B8FF3BEC}.Debug|Any CPU.Build.0 = Debug|Any CPU
		{C1A4B0A0-03FB-4674-A65E-1CB3B8FF3BEC}.Release|Any CPU.ActiveCfg = Release|Any CPU
		{C1A4B0A0-03FB-4674-A65E-1CB3B8FF3BEC}.Release|Any CPU.Build.0 = Release|Any CPU
		{9EDA16C1-1206-4682-A1DC-B5F29CCD0EFF}.Debug|Any CPU.ActiveCfg = Debug|Any CPU
		{9EDA16C1-1206-4682-A1DC-B5F29CCD0EFF}.Debug|Any CPU.Build.0 = Debug|Any CPU
		{9EDA16C1-1206-4682-A1DC-B5F29CCD0EFF}.Release|Any CPU.ActiveCfg = Release|Any CPU
		{9EDA16C1-1206-4682-A1DC-B5F29CCD0EFF}.Release|Any CPU.Build.0 = Release|Any CPU
		{089FCCFF-7201-46A8-8407-6355BCA12BC5}.Debug|Any CPU.ActiveCfg = Debug|Any CPU
		{089FCCFF-7201-46A8-8407-6355BCA12BC5}.Debug|Any CPU.Build.0 = Debug|Any CPU
		{089FCCFF-7201-46A8-8407-6355BCA12BC5}.Release|Any CPU.ActiveCfg = Release|Any CPU
		{089FCCFF-7201-46A8-8407-6355BCA12BC5}.Release|Any CPU.Build.0 = Release|Any CPU
		{A49DFAD0-6290-4F6A-AA3C-DBC351419C85}.Debug|Any CPU.ActiveCfg = Debug|Any CPU
		{A49DFAD0-6290-4F6A-AA3C-DBC351419C85}.Debug|Any CPU.Build.0 = Debug|Any CPU
		{A49DFAD0-6290-4F6A-AA3C-DBC351419C85}.Release|Any CPU.ActiveCfg = Release|Any CPU
		{A49DFAD0-6290-4F6A-AA3C-DBC351419C85}.Release|Any CPU.Build.0 = Release|Any CPU
	EndGlobalSection
	GlobalSection(SolutionProperties) = preSolution
		HideSolutionNode = FALSE
	EndGlobalSection
	GlobalSection(ExtensibilityGlobals) = postSolution
		SolutionGuid = {D0ECA79D-8CF1-43FE-A7DC-7DD17718A27B}
	EndGlobalSection
EndGlobal
