{
  "version": 2,
  "dependencies": {
    "net10.0": {
      "Ardalis.Extensions": {
        "type": "Direct",
        "requested": "[0.9.4, )",
        "resolved": "0.9.4",
        "contentHash": "5JDKpMiEsxbz9N1yynsMFc2rBXDQ5iHLockW8lxahqlj9B5gxbENTAXBY2Jswp4vcGG+cNQxv81KrUqd4mXQSA==",
        "dependencies": {
          "Ardalis.GuardClauses": "3.2.0"
        }
      },
      "Ardalis.GuardClauses": {
        "type": "Direct",
        "requested": "[5.0.0, )",
        "resolved": "5.0.0",
        "contentHash": "jVPRvLw0xIUFto2cMrKgRYADWIHbEEfzZHGiU/swwNgl1zo28Q1zfSa3VUC3C0s9DyhFDPSaF4dEDQRyTZUcyQ=="
      },
      "Ardalis.Result": {
        "type": "Direct",
        "requested": "[10.1.0, )",
        "resolved": "10.1.0",
        "contentHash": "+WgsXh+JRm0d8BZPlBUc5w0+FTda4vbWRa/IF2q4zDoRsU5BXr8w4rTbYEklZIMNgQQZTcNouR/QfBV5I/4XYQ=="
      },
      "FluentValidation": {
        "type": "Direct",
        "requested": "[12.1.1, )",
        "resolved": "12.1.1",
        "contentHash": "EPpkIe1yh1a0OXyC100oOA8WMbZvqUu5plwhvYcb7oSELfyUZzfxV48BLhvs3kKo4NwG7MGLNgy1RJiYtT8Dpw=="
      },
      "Microsoft.Extensions.DependencyInjection.Abstractions": {
        "type": "Direct",
        "requested": "[10.0.9, )",
        "resolved": "10.0.9",
        "contentHash": "g41l/30G3K4B/d/L8kjux0+30e27c8D0FVQ/PFCpbekgfDpj9mnDhieP67EqXWvl1EWNeZh2rpR4F5B/jcDOHA=="
      },
      "SonarAnalyzer.CSharp": {
        "type": "Direct",
        "requested": "[10.28.0.143324, )",
        "resolved": "10.28.0.143324",
        "contentHash": "ZnmYHFiQw2Aph2ft9c7UqVrqe79aZR5l7oeG59+sgrSAO9J159meglP1Zo34+Mcw4etIUTC9btYnP0Ar/rQIyg=="
      },
      "simongeering.framework": {
        "type": "Project",
        "dependencies": {
          "Microsoft.Extensions.DependencyInjection.Abstractions": "[10.0.9, )"
        }
      }
    }
  }
}