
Microsoft Visual Studio Solution File, Format Version 12.00
# Visual Studio Version 16
VisualStudioVersion = 16.0.29806.167
MinimumVisualStudioVersion = 10.0.40219.1
Project("{2150E333-8FDC-42A3-9474-1A3956D46DE8}") = "AdminAssistant.Blazor", "AdminAssistant.Blazor", "{50C8B430-F2F2-4ED1-91A4-8BFB44B9D333}"
EndProject
Project("{2150E333-8FDC-42A3-9474-1A3956D46DE8}") = "Client", "Client", "{0395D66D-D0ED-4C44-99C0-1CC034CF83D4}"
EndProject
Project("{2150E333-8FDC-42A3-9474-1A3956D46DE8}") = "Server", "Server", "{6E81FF60-9234-4CBA-B632-640F401017A8}"
EndProject
Project("{2150E333-8FDC-42A3-9474-1A3956D46DE8}") = "Framework", "Framework", "{5B790840-9D97-45F2-894F-F5722C56F31F}"
EndProject
Project("{9A19103F-16F7-4668-BE54-9A1E7A4F7556}") = "AdminAssistant.Blazor.Client", "AdminAssistant.Blazor\Client\AdminAssistant.Blazor.Client.csproj", "{A1B1A4FA-E807-4CAA-A5F1-7380B14042D4}"
EndProject
Project("{9A19103F-16F7-4668-BE54-9A1E7A4F7556}") = "AdminAssistant.Blazor.Server", "AdminAssistant.Blazor\Server\AdminAssistant.Blazor.Server.csproj", "{32D85134-80F4-49D2-929E-8204E772360C}"
EndProject
Project("{9A19103F-16F7-4668-BE54-9A1E7A4F7556}") = "AdminAssistant.DAL", "AdminAssistant.DAL\AdminAssistant.DAL.csproj", "{2A29E83F-8B0A-4194-8A43-372A6CB89265}"
EndProject
Project("{9A19103F-16F7-4668-BE54-9A1E7A4F7556}") = "AdminAssistant.DomainModel", "AdminAssistant.DomainModel\AdminAssistant.DomainModel.csproj", "{5F40E2ED-3192-4313-983D-5842DBA5AA9E}"
EndProject
Project("{9A19103F-16F7-4668-BE54-9A1E7A4F7556}") = "AdminAssistant.Test", "AdminAssistant.Test\AdminAssistant.Test.csproj", "{0ADEA26B-F913-4BC2-9860-3E9523C844ED}"
EndProject
Project("{9A19103F-16F7-4668-BE54-9A1E7A4F7556}") = "AdminAssistant.UI", "AdminAssistant.UI\AdminAssistant.UI.csproj", "{9E39B9F2-0A2E-4423-A4D8-19D6422AC859}"
EndProject
Project("{9A19103F-16F7-4668-BE54-9A1E7A4F7556}") = "AdminAssistant.Framework", "Framework\AdminAssistant.Framework\AdminAssistant.Framework.csproj", "{344CC4D0-FCD8-484B-A0BC-BDA73A58775A}"
EndProject
Project("{9A19103F-16F7-4668-BE54-9A1E7A4F7556}") = "AdminAssistant.Framework.Test", "Framework\AdminAssistant.Framework.Test\AdminAssistant.Framework.Test.csproj", "{1ECAFB83-DB49-459F-BED6-07C9D7F9F252}"
EndProject
Project("{9A19103F-16F7-4668-BE54-9A1E7A4F7556}") = "AdminAssistant", "AdminAssistant\AdminAssistant.csproj", "{9B91A24B-F890-43C7-BB09-F0EA02874480}"
EndProject
Project("{2150E333-8FDC-42A3-9474-1A3956D46DE8}") = "Solution Items", "Solution Items", "{7E27F45C-02D4-47C4-9D0E-B64AB9AE3DA6}"
	ProjectSection(SolutionItems) = preProject
		.editorconfig = .editorconfig
		global.json = global.json
		..\tools.ps1 = ..\tools.ps1
	EndProjectSection
EndProject
Project("{9A19103F-16F7-4668-BE54-9A1E7A4F7556}") = "AdminAssistant.WebAPI", "AdminAssistant.WebAPI\AdminAssistant.WebAPI.csproj", "{4C157830-EDC0-4AC7-8908-FC72EC65654D}"
EndProject
Project("{2150E333-8FDC-42A3-9474-1A3956D46DE8}") = "Test", "Test", "{3C79B3A9-7CAC-4F64-B742-A0FADBAC7890}"
EndProject
Project("{9A19103F-16F7-4668-BE54-9A1E7A4F7556}") = "AdminAssistant.Blazor.Test", "AdminAssistant.Blazor\Test\AdminAssistant.Blazor.Test.csproj", "{62A6DFEA-6798-4403-A1B2-07BCC6BE54A6}"
EndProject
Global
	GlobalSection(SolutionConfigurationPlatforms) = preSolution
		Debug|Any CPU = Debug|Any CPU
		Debug|x64 = Debug|x64
		Release|Any CPU = Release|Any CPU
		Release|x64 = Release|x64
	EndGlobalSection
	GlobalSection(ProjectConfigurationPlatforms) = postSolution
		{A1B1A4FA-E807-4CAA-A5F1-7380B14042D4}.Debug|Any CPU.ActiveCfg = Debug|x64
		{A1B1A4FA-E807-4CAA-A5F1-7380B14042D4}.Debug|x64.ActiveCfg = Debug|x64
		{A1B1A4FA-E807-4CAA-A5F1-7380B14042D4}.Debug|x64.Build.0 = Debug|x64
		{A1B1A4FA-E807-4CAA-A5F1-7380B14042D4}.Release|Any CPU.ActiveCfg = Release|x64
		{A1B1A4FA-E807-4CAA-A5F1-7380B14042D4}.Release|x64.ActiveCfg = Release|x64
		{A1B1A4FA-E807-4CAA-A5F1-7380B14042D4}.Release|x64.Build.0 = Release|x64
		{32D85134-80F4-49D2-929E-8204E772360C}.Debug|Any CPU.ActiveCfg = Debug|x64
		{32D85134-80F4-49D2-929E-8204E772360C}.Debug|x64.ActiveCfg = Debug|x64
		{32D85134-80F4-49D2-929E-8204E772360C}.Debug|x64.Build.0 = Debug|x64
		{32D85134-80F4-49D2-929E-8204E772360C}.Release|Any CPU.ActiveCfg = Release|x64
		{32D85134-80F4-49D2-929E-8204E772360C}.Release|x64.ActiveCfg = Release|x64
		{32D85134-80F4-49D2-929E-8204E772360C}.Release|x64.Build.0 = Release|x64
		{2A29E83F-8B0A-4194-8A43-372A6CB89265}.Debug|Any CPU.ActiveCfg = Debug|x64
		{2A29E83F-8B0A-4194-8A43-372A6CB89265}.Debug|x64.ActiveCfg = Debug|x64
		{2A29E83F-8B0A-4194-8A43-372A6CB89265}.Debug|x64.Build.0 = Debug|x64
		{2A29E83F-8B0A-4194-8A43-372A6CB89265}.Release|Any CPU.ActiveCfg = Release|x64
		{2A29E83F-8B0A-4194-8A43-372A6CB89265}.Release|x64.ActiveCfg = Release|x64
		{2A29E83F-8B0A-4194-8A43-372A6CB89265}.Release|x64.Build.0 = Release|x64
		{5F40E2ED-3192-4313-983D-5842DBA5AA9E}.Debug|Any CPU.ActiveCfg = Debug|x64
		{5F40E2ED-3192-4313-983D-5842DBA5AA9E}.Debug|x64.ActiveCfg = Debug|x64
		{5F40E2ED-3192-4313-983D-5842DBA5AA9E}.Debug|x64.Build.0 = Debug|x64
		{5F40E2ED-3192-4313-983D-5842DBA5AA9E}.Release|Any CPU.ActiveCfg = Release|x64
		{5F40E2ED-3192-4313-983D-5842DBA5AA9E}.Release|x64.ActiveCfg = Release|x64
		{5F40E2ED-3192-4313-983D-5842DBA5AA9E}.Release|x64.Build.0 = Release|x64
		{0ADEA26B-F913-4BC2-9860-3E9523C844ED}.Debug|Any CPU.ActiveCfg = Debug|x64
		{0ADEA26B-F913-4BC2-9860-3E9523C844ED}.Debug|x64.ActiveCfg = Debug|x64
		{0ADEA26B-F913-4BC2-9860-3E9523C844ED}.Debug|x64.Build.0 = Debug|x64
		{0ADEA26B-F913-4BC2-9860-3E9523C844ED}.Release|Any CPU.ActiveCfg = Release|x64
		{0ADEA26B-F913-4BC2-9860-3E9523C844ED}.Release|x64.ActiveCfg = Release|x64
		{0ADEA26B-F913-4BC2-9860-3E9523C844ED}.Release|x64.Build.0 = Release|x64
		{9E39B9F2-0A2E-4423-A4D8-19D6422AC859}.Debug|Any CPU.ActiveCfg = Debug|x64
		{9E39B9F2-0A2E-4423-A4D8-19D6422AC859}.Debug|x64.ActiveCfg = Debug|x64
		{9E39B9F2-0A2E-4423-A4D8-19D6422AC859}.Debug|x64.Build.0 = Debug|x64
		{9E39B9F2-0A2E-4423-A4D8-19D6422AC859}.Release|Any CPU.ActiveCfg = Release|x64
		{9E39B9F2-0A2E-4423-A4D8-19D6422AC859}.Release|x64.ActiveCfg = Release|x64
		{9E39B9F2-0A2E-4423-A4D8-19D6422AC859}.Release|x64.Build.0 = Release|x64
		{344CC4D0-FCD8-484B-A0BC-BDA73A58775A}.Debug|Any CPU.ActiveCfg = Debug|x64
		{344CC4D0-FCD8-484B-A0BC-BDA73A58775A}.Debug|x64.ActiveCfg = Debug|x64
		{344CC4D0-FCD8-484B-A0BC-BDA73A58775A}.Debug|x64.Build.0 = Debug|x64
		{344CC4D0-FCD8-484B-A0BC-BDA73A58775A}.Release|Any CPU.ActiveCfg = Release|x64
		{344CC4D0-FCD8-484B-A0BC-BDA73A58775A}.Release|x64.ActiveCfg = Release|x64
		{344CC4D0-FCD8-484B-A0BC-BDA73A58775A}.Release|x64.Build.0 = Release|x64
		{1ECAFB83-DB49-459F-BED6-07C9D7F9F252}.Debug|Any CPU.ActiveCfg = Debug|x64
		{1ECAFB83-DB49-459F-BED6-07C9D7F9F252}.Debug|x64.ActiveCfg = Debug|x64
		{1ECAFB83-DB49-459F-BED6-07C9D7F9F252}.Debug|x64.Build.0 = Debug|x64
		{1ECAFB83-DB49-459F-BED6-07C9D7F9F252}.Release|Any CPU.ActiveCfg = Release|x64
		{1ECAFB83-DB49-459F-BED6-07C9D7F9F252}.Release|x64.ActiveCfg = Release|x64
		{1ECAFB83-DB49-459F-BED6-07C9D7F9F252}.Release|x64.Build.0 = Release|x64
		{9B91A24B-F890-43C7-BB09-F0EA02874480}.Debug|Any CPU.ActiveCfg = Debug|x64
		{9B91A24B-F890-43C7-BB09-F0EA02874480}.Debug|x64.ActiveCfg = Debug|x64
		{9B91A24B-F890-43C7-BB09-F0EA02874480}.Debug|x64.Build.0 = Debug|x64
		{9B91A24B-F890-43C7-BB09-F0EA02874480}.Release|Any CPU.ActiveCfg = Release|x64
		{9B91A24B-F890-43C7-BB09-F0EA02874480}.Release|x64.ActiveCfg = Release|x64
		{9B91A24B-F890-43C7-BB09-F0EA02874480}.Release|x64.Build.0 = Release|x64
		{4C157830-EDC0-4AC7-8908-FC72EC65654D}.Debug|Any CPU.ActiveCfg = Debug|x64
		{4C157830-EDC0-4AC7-8908-FC72EC65654D}.Debug|x64.ActiveCfg = Debug|x64
		{4C157830-EDC0-4AC7-8908-FC72EC65654D}.Debug|x64.Build.0 = Debug|x64
		{4C157830-EDC0-4AC7-8908-FC72EC65654D}.Release|Any CPU.ActiveCfg = Release|x64
		{4C157830-EDC0-4AC7-8908-FC72EC65654D}.Release|x64.ActiveCfg = Release|x64
		{4C157830-EDC0-4AC7-8908-FC72EC65654D}.Release|x64.Build.0 = Release|x64
		{62A6DFEA-6798-4403-A1B2-07BCC6BE54A6}.Debug|Any CPU.ActiveCfg = Debug|x64
		{62A6DFEA-6798-4403-A1B2-07BCC6BE54A6}.Debug|x64.ActiveCfg = Debug|x64
		{62A6DFEA-6798-4403-A1B2-07BCC6BE54A6}.Debug|x64.Build.0 = Debug|x64
		{62A6DFEA-6798-4403-A1B2-07BCC6BE54A6}.Release|Any CPU.ActiveCfg = Release|x64
		{62A6DFEA-6798-4403-A1B2-07BCC6BE54A6}.Release|x64.ActiveCfg = Release|x64
		{62A6DFEA-6798-4403-A1B2-07BCC6BE54A6}.Release|x64.Build.0 = Release|x64
	EndGlobalSection
	GlobalSection(SolutionProperties) = preSolution
		HideSolutionNode = FALSE
	EndGlobalSection
	GlobalSection(NestedProjects) = preSolution
		{0395D66D-D0ED-4C44-99C0-1CC034CF83D4} = {50C8B430-F2F2-4ED1-91A4-8BFB44B9D333}
		{6E81FF60-9234-4CBA-B632-640F401017A8} = {50C8B430-F2F2-4ED1-91A4-8BFB44B9D333}
		{A1B1A4FA-E807-4CAA-A5F1-7380B14042D4} = {0395D66D-D0ED-4C44-99C0-1CC034CF83D4}
		{32D85134-80F4-49D2-929E-8204E772360C} = {6E81FF60-9234-4CBA-B632-640F401017A8}
		{344CC4D0-FCD8-484B-A0BC-BDA73A58775A} = {5B790840-9D97-45F2-894F-F5722C56F31F}
		{1ECAFB83-DB49-459F-BED6-07C9D7F9F252} = {5B790840-9D97-45F2-894F-F5722C56F31F}
		{3C79B3A9-7CAC-4F64-B742-A0FADBAC7890} = {50C8B430-F2F2-4ED1-91A4-8BFB44B9D333}
		{62A6DFEA-6798-4403-A1B2-07BCC6BE54A6} = {3C79B3A9-7CAC-4F64-B742-A0FADBAC7890}
	EndGlobalSection
	GlobalSection(ExtensibilityGlobals) = postSolution
		SolutionGuid = {0D4CA941-C519-4A62-B324-1BB83E377289}
	EndGlobalSection
EndGlobal
