
Microsoft Visual Studio Solution File, Format Version 12.00
# Visual Studio Version 17
VisualStudioVersion = 17.0.31612.314
MinimumVisualStudioVersion = 10.0.40219.1
Project("{9A19103F-16F7-4668-BE54-9A1E7A4F7556}") = "AdminAssistant.Test", "AdminAssistant.Test\AdminAssistant.Test.csproj", "{0ADEA26B-F913-4BC2-9860-3E9523C844ED}"
EndProject
Project("{9A19103F-16F7-4668-BE54-9A1E7A4F7556}") = "AdminAssistant.UI", "AdminAssistant.UI\AdminAssistant.UI.csproj", "{9E39B9F2-0A2E-4423-A4D8-19D6422AC859}"
EndProject
Project("{2150E333-8FDC-42A3-9474-1A3956D46DE8}") = "Solution Items", "Solution Items", "{7E27F45C-02D4-47C4-9D0E-B64AB9AE3DA6}"
	ProjectSection(SolutionItems) = preProject
		.editorconfig = .editorconfig
		..\docs\cli.md = ..\docs\cli.md
		..\docs\database.dbml = ..\docs\database.dbml
		Directory.Build.props = Directory.Build.props
		Directory.Packages.props = Directory.Packages.props
		global.json = global.json
	EndProjectSection
EndProject
Project("{9A19103F-16F7-4668-BE54-9A1E7A4F7556}") = "AdminAssistant.Infrastructure", "AdminAssistant.Infrastructure\AdminAssistant.Infrastructure.csproj", "{FFBA789F-F289-4C7E-AAF0-55B453A30A0D}"
EndProject
Project("{9A19103F-16F7-4668-BE54-9A1E7A4F7556}") = "AdminAssistant.DomainModel", "AdminAssistant.DomainModel\AdminAssistant.DomainModel.csproj", "{37E3A777-7802-411D-8738-9C55B6A5288E}"
EndProject
Project("{9A19103F-16F7-4668-BE54-9A1E7A4F7556}") = "AdminAssistant.Retro", "AdminAssistant.Retro\AdminAssistant.Retro.csproj", "{E72BBBA7-8A75-47E2-BFF4-7460163616E2}"
EndProject
Project("{9A19103F-16F7-4668-BE54-9A1E7A4F7556}") = "AdminAssistant.Infrastructure.ClientSide", "AdminAssistant.Infrastructure.ClientSide\AdminAssistant.Infrastructure.ClientSide.csproj", "{CA7C589A-4830-495B-9B96-B2E9D01E78F4}"
EndProject
Project("{9A19103F-16F7-4668-BE54-9A1E7A4F7556}") = "AdminAssistant.Blazor.Server", "AdminAssistant.Blazor.Server\AdminAssistant.Blazor.Server.csproj", "{6A9F66A8-5E16-4048-8377-408EB7237009}"
EndProject
Project("{9A19103F-16F7-4668-BE54-9A1E7A4F7556}") = "AdminAssistant.Blazor.Webasm", "AdminAssistant.Blazor.Webasm\AdminAssistant.Blazor.Webasm.csproj", "{8E0EA277-046E-46CA-B275-B75B1B5616F3}"
EndProject
Project("{9A19103F-16F7-4668-BE54-9A1E7A4F7556}") = "AdminAssistant.Application", "AdminAssistant.Application\AdminAssistant.Application.csproj", "{B4A1067A-4623-4B65-93FE-82CAAED987E8}"
EndProject
Project("{9A19103F-16F7-4668-BE54-9A1E7A4F7556}") = "SimonGeering.Framework", "SimonGeering.Framework\SimonGeering.Framework.csproj", "{6FF549EC-56C8-44A2-BEEC-0773B504341B}"
EndProject
Project("{9A19103F-16F7-4668-BE54-9A1E7A4F7556}") = "SimonGeering.Framework.Test", "SimonGeering.Framework.Test\SimonGeering.Framework.Test.csproj", "{B506489B-9AFF-4D95-A063-76CFD4712F5D}"
EndProject
Project("{FAE04EC0-301F-11D3-BF4B-00C04F79EFBC}") = "AdminAssistant.Aspire.AppHost", "AdminAssistant.Aspire.AppHost\AdminAssistant.Aspire.AppHost.csproj", "{A9D0D587-7EC3-4503-9773-BEB2EDF21387}"
EndProject
Project("{9A19103F-16F7-4668-BE54-9A1E7A4F7556}") = "AdminAssistant.Aspire.ServiceDefaults", "AdminAssistant.Aspire.ServiceDefaults\AdminAssistant.Aspire.ServiceDefaults.csproj", "{36752223-0E9C-4EBC-8A26-577E7E3C5D66}"
EndProject
Project("{2150E333-8FDC-42A3-9474-1A3956D46DE8}") = "Services", "Services", "{DE59283B-A7F4-4CDD-B054-9154335B214B}"
EndProject
Project("{FAE04EC0-301F-11D3-BF4B-00C04F79EFBC}") = "AdminAssistant.Services.Accounts", "Services\AdminAssistant.Services.Accounts\AdminAssistant.Services.Accounts.csproj", "{51A5DA43-F890-4D39-B914-04D8F426658C}"
EndProject
Project("{FAE04EC0-301F-11D3-BF4B-00C04F79EFBC}") = "AdminAssistant.Gateway", "AdminAssistant.Gateway\AdminAssistant.Gateway.csproj", "{0B31E7C2-60D2-47EB-AFC5-8AAEF311D2C7}"
EndProject
Project("{FAE04EC0-301F-11D3-BF4B-00C04F79EFBC}") = "AdminAssistant.Hangfire", "AdminAssistant.Hangfire\AdminAssistant.Hangfire.csproj", "{7F923664-4727-45FD-95F1-3F4F5A6E89BC}"
EndProject
Project("{FAE04EC0-301F-11D3-BF4B-00C04F79EFBC}") = "AdminAssistant.Services.Admin", "Services\AdminAssistant.Services.Admin\AdminAssistant.Services.Admin.csproj", "{6BF67102-00D6-467F-9DCA-13938AD9E9C8}"
EndProject
Project("{FAE04EC0-301F-11D3-BF4B-00C04F79EFBC}") = "AdminAssistant.Services.AssetRegister", "Services\AdminAssistant.Services.AssetRegister\AdminAssistant.Services.AssetRegister.csproj", "{FC42F30C-EAE8-441E-A05D-163E25B98F2C}"
EndProject
Project("{FAE04EC0-301F-11D3-BF4B-00C04F79EFBC}") = "AdminAssistant.Services.Budget", "Services\AdminAssistant.Services.Budget\AdminAssistant.Services.Budget.csproj", "{C98BA140-F248-414E-9B35-EC52A11BB45F}"
EndProject
Project("{FAE04EC0-301F-11D3-BF4B-00C04F79EFBC}") = "AdminAssistant.Services.Calendar", "Services\AdminAssistant.Services.Calendar\AdminAssistant.Services.Calendar.csproj", "{314F6516-3C08-4F45-9957-1B2AA3FB43C5}"
EndProject
Project("{FAE04EC0-301F-11D3-BF4B-00C04F79EFBC}") = "AdminAssistant.Services.Contacts", "Services\AdminAssistant.Services.Contacts\AdminAssistant.Services.Contacts.csproj", "{31FC13C6-43D8-4676-A9E1-429F74ACD755}"
EndProject
Project("{FAE04EC0-301F-11D3-BF4B-00C04F79EFBC}") = "AdminAssistant.Services.Core", "Services\AdminAssistant.Services.Core\AdminAssistant.Services.Core.csproj", "{BD4D1E9A-5B89-40D4-A5F0-E18FDDB14605}"
EndProject
Project("{FAE04EC0-301F-11D3-BF4B-00C04F79EFBC}") = "AdminAssistant.Services.Documents", "Services\AdminAssistant.Services.Documents\AdminAssistant.Services.Documents.csproj", "{298DEC00-54D4-4DE2-8AC0-56BE2225D6A8}"
EndProject
Project("{FAE04EC0-301F-11D3-BF4B-00C04F79EFBC}") = "AdminAssistant.Services.Mail", "Services\AdminAssistant.Services.Mail\AdminAssistant.Services.Mail.csproj", "{6733ABDE-6B17-4265-8216-886C50E9FE33}"
EndProject
Project("{FAE04EC0-301F-11D3-BF4B-00C04F79EFBC}") = "AdminAssistant.Services.Notes", "Services\AdminAssistant.Services.Notes\AdminAssistant.Services.Notes.csproj", "{30C3DE01-4797-4A4A-A6E7-3AB65506C6FD}"
EndProject
Project("{FAE04EC0-301F-11D3-BF4B-00C04F79EFBC}") = "AdminAssistant.Services.ScheduledPayments", "Services\AdminAssistant.Services.ScheduledPayments\AdminAssistant.Services.ScheduledPayments.csproj", "{16786513-8D79-41B8-889C-44281285280F}"
EndProject
Project("{FAE04EC0-301F-11D3-BF4B-00C04F79EFBC}") = "AdminAssistant.Services.Tasks", "Services\AdminAssistant.Services.Tasks\AdminAssistant.Services.Tasks.csproj", "{93D821A8-4078-4FCA-AB2C-A046A393BDC3}"
EndProject
Global
	GlobalSection(SolutionConfigurationPlatforms) = preSolution
		Debug|Any CPU = Debug|Any CPU
		Release|Any CPU = Release|Any CPU
	EndGlobalSection
	GlobalSection(ProjectConfigurationPlatforms) = postSolution
		{0ADEA26B-F913-4BC2-9860-3E9523C844ED}.Debug|Any CPU.ActiveCfg = Debug|Any CPU
		{0ADEA26B-F913-4BC2-9860-3E9523C844ED}.Debug|Any CPU.Build.0 = Debug|Any CPU
		{0ADEA26B-F913-4BC2-9860-3E9523C844ED}.Release|Any CPU.ActiveCfg = Release|Any CPU
		{0ADEA26B-F913-4BC2-9860-3E9523C844ED}.Release|Any CPU.Build.0 = Release|Any CPU
		{9E39B9F2-0A2E-4423-A4D8-19D6422AC859}.Debug|Any CPU.ActiveCfg = Debug|Any CPU
		{9E39B9F2-0A2E-4423-A4D8-19D6422AC859}.Debug|Any CPU.Build.0 = Debug|Any CPU
		{9E39B9F2-0A2E-4423-A4D8-19D6422AC859}.Release|Any CPU.ActiveCfg = Release|Any CPU
		{9E39B9F2-0A2E-4423-A4D8-19D6422AC859}.Release|Any CPU.Build.0 = Release|Any CPU
		{FFBA789F-F289-4C7E-AAF0-55B453A30A0D}.Debug|Any CPU.ActiveCfg = Debug|Any CPU
		{FFBA789F-F289-4C7E-AAF0-55B453A30A0D}.Debug|Any CPU.Build.0 = Debug|Any CPU
		{FFBA789F-F289-4C7E-AAF0-55B453A30A0D}.Release|Any CPU.ActiveCfg = Release|Any CPU
		{FFBA789F-F289-4C7E-AAF0-55B453A30A0D}.Release|Any CPU.Build.0 = Release|Any CPU
		{37E3A777-7802-411D-8738-9C55B6A5288E}.Debug|Any CPU.ActiveCfg = Debug|Any CPU
		{37E3A777-7802-411D-8738-9C55B6A5288E}.Debug|Any CPU.Build.0 = Debug|Any CPU
		{37E3A777-7802-411D-8738-9C55B6A5288E}.Release|Any CPU.ActiveCfg = Release|Any CPU
		{37E3A777-7802-411D-8738-9C55B6A5288E}.Release|Any CPU.Build.0 = Release|Any CPU
		{E72BBBA7-8A75-47E2-BFF4-7460163616E2}.Debug|Any CPU.ActiveCfg = Debug|Any CPU
		{E72BBBA7-8A75-47E2-BFF4-7460163616E2}.Debug|Any CPU.Build.0 = Debug|Any CPU
		{E72BBBA7-8A75-47E2-BFF4-7460163616E2}.Release|Any CPU.ActiveCfg = Release|Any CPU
		{E72BBBA7-8A75-47E2-BFF4-7460163616E2}.Release|Any CPU.Build.0 = Release|Any CPU
		{CA7C589A-4830-495B-9B96-B2E9D01E78F4}.Debug|Any CPU.ActiveCfg = Debug|Any CPU
		{CA7C589A-4830-495B-9B96-B2E9D01E78F4}.Debug|Any CPU.Build.0 = Debug|Any CPU
		{CA7C589A-4830-495B-9B96-B2E9D01E78F4}.Release|Any CPU.ActiveCfg = Release|Any CPU
		{CA7C589A-4830-495B-9B96-B2E9D01E78F4}.Release|Any CPU.Build.0 = Release|Any CPU
		{6A9F66A8-5E16-4048-8377-408EB7237009}.Debug|Any CPU.ActiveCfg = Debug|Any CPU
		{6A9F66A8-5E16-4048-8377-408EB7237009}.Debug|Any CPU.Build.0 = Debug|Any CPU
		{6A9F66A8-5E16-4048-8377-408EB7237009}.Release|Any CPU.ActiveCfg = Release|Any CPU
		{6A9F66A8-5E16-4048-8377-408EB7237009}.Release|Any CPU.Build.0 = Release|Any CPU
		{8E0EA277-046E-46CA-B275-B75B1B5616F3}.Debug|Any CPU.ActiveCfg = Debug|Any CPU
		{8E0EA277-046E-46CA-B275-B75B1B5616F3}.Debug|Any CPU.Build.0 = Debug|Any CPU
		{8E0EA277-046E-46CA-B275-B75B1B5616F3}.Release|Any CPU.ActiveCfg = Release|Any CPU
		{8E0EA277-046E-46CA-B275-B75B1B5616F3}.Release|Any CPU.Build.0 = Release|Any CPU
		{B4A1067A-4623-4B65-93FE-82CAAED987E8}.Debug|Any CPU.ActiveCfg = Debug|Any CPU
		{B4A1067A-4623-4B65-93FE-82CAAED987E8}.Debug|Any CPU.Build.0 = Debug|Any CPU
		{B4A1067A-4623-4B65-93FE-82CAAED987E8}.Release|Any CPU.ActiveCfg = Release|Any CPU
		{B4A1067A-4623-4B65-93FE-82CAAED987E8}.Release|Any CPU.Build.0 = Release|Any CPU
		{6FF549EC-56C8-44A2-BEEC-0773B504341B}.Debug|Any CPU.ActiveCfg = Debug|Any CPU
		{6FF549EC-56C8-44A2-BEEC-0773B504341B}.Debug|Any CPU.Build.0 = Debug|Any CPU
		{6FF549EC-56C8-44A2-BEEC-0773B504341B}.Release|Any CPU.ActiveCfg = Release|Any CPU
		{6FF549EC-56C8-44A2-BEEC-0773B504341B}.Release|Any CPU.Build.0 = Release|Any CPU
		{B506489B-9AFF-4D95-A063-76CFD4712F5D}.Debug|Any CPU.ActiveCfg = Debug|Any CPU
		{B506489B-9AFF-4D95-A063-76CFD4712F5D}.Debug|Any CPU.Build.0 = Debug|Any CPU
		{B506489B-9AFF-4D95-A063-76CFD4712F5D}.Release|Any CPU.ActiveCfg = Release|Any CPU
		{B506489B-9AFF-4D95-A063-76CFD4712F5D}.Release|Any CPU.Build.0 = Release|Any CPU
		{A9D0D587-7EC3-4503-9773-BEB2EDF21387}.Debug|Any CPU.ActiveCfg = Debug|Any CPU
		{A9D0D587-7EC3-4503-9773-BEB2EDF21387}.Debug|Any CPU.Build.0 = Debug|Any CPU
		{A9D0D587-7EC3-4503-9773-BEB2EDF21387}.Release|Any CPU.ActiveCfg = Release|Any CPU
		{A9D0D587-7EC3-4503-9773-BEB2EDF21387}.Release|Any CPU.Build.0 = Release|Any CPU
		{36752223-0E9C-4EBC-8A26-577E7E3C5D66}.Debug|Any CPU.ActiveCfg = Debug|Any CPU
		{36752223-0E9C-4EBC-8A26-577E7E3C5D66}.Debug|Any CPU.Build.0 = Debug|Any CPU
		{36752223-0E9C-4EBC-8A26-577E7E3C5D66}.Release|Any CPU.ActiveCfg = Release|Any CPU
		{36752223-0E9C-4EBC-8A26-577E7E3C5D66}.Release|Any CPU.Build.0 = Release|Any CPU
		{51A5DA43-F890-4D39-B914-04D8F426658C}.Debug|Any CPU.ActiveCfg = Debug|Any CPU
		{51A5DA43-F890-4D39-B914-04D8F426658C}.Debug|Any CPU.Build.0 = Debug|Any CPU
		{51A5DA43-F890-4D39-B914-04D8F426658C}.Release|Any CPU.ActiveCfg = Release|Any CPU
		{51A5DA43-F890-4D39-B914-04D8F426658C}.Release|Any CPU.Build.0 = Release|Any CPU
		{0B31E7C2-60D2-47EB-AFC5-8AAEF311D2C7}.Debug|Any CPU.ActiveCfg = Debug|Any CPU
		{0B31E7C2-60D2-47EB-AFC5-8AAEF311D2C7}.Debug|Any CPU.Build.0 = Debug|Any CPU
		{0B31E7C2-60D2-47EB-AFC5-8AAEF311D2C7}.Release|Any CPU.ActiveCfg = Release|Any CPU
		{0B31E7C2-60D2-47EB-AFC5-8AAEF311D2C7}.Release|Any CPU.Build.0 = Release|Any CPU
		{7F923664-4727-45FD-95F1-3F4F5A6E89BC}.Debug|Any CPU.ActiveCfg = Debug|Any CPU
		{7F923664-4727-45FD-95F1-3F4F5A6E89BC}.Debug|Any CPU.Build.0 = Debug|Any CPU
		{7F923664-4727-45FD-95F1-3F4F5A6E89BC}.Release|Any CPU.ActiveCfg = Release|Any CPU
		{7F923664-4727-45FD-95F1-3F4F5A6E89BC}.Release|Any CPU.Build.0 = Release|Any CPU
		{6BF67102-00D6-467F-9DCA-13938AD9E9C8}.Debug|Any CPU.ActiveCfg = Debug|Any CPU
		{6BF67102-00D6-467F-9DCA-13938AD9E9C8}.Debug|Any CPU.Build.0 = Debug|Any CPU
		{6BF67102-00D6-467F-9DCA-13938AD9E9C8}.Release|Any CPU.ActiveCfg = Release|Any CPU
		{6BF67102-00D6-467F-9DCA-13938AD9E9C8}.Release|Any CPU.Build.0 = Release|Any CPU
		{FC42F30C-EAE8-441E-A05D-163E25B98F2C}.Debug|Any CPU.ActiveCfg = Debug|Any CPU
		{FC42F30C-EAE8-441E-A05D-163E25B98F2C}.Debug|Any CPU.Build.0 = Debug|Any CPU
		{FC42F30C-EAE8-441E-A05D-163E25B98F2C}.Release|Any CPU.ActiveCfg = Release|Any CPU
		{FC42F30C-EAE8-441E-A05D-163E25B98F2C}.Release|Any CPU.Build.0 = Release|Any CPU
		{C98BA140-F248-414E-9B35-EC52A11BB45F}.Debug|Any CPU.ActiveCfg = Debug|Any CPU
		{C98BA140-F248-414E-9B35-EC52A11BB45F}.Debug|Any CPU.Build.0 = Debug|Any CPU
		{C98BA140-F248-414E-9B35-EC52A11BB45F}.Release|Any CPU.ActiveCfg = Release|Any CPU
		{C98BA140-F248-414E-9B35-EC52A11BB45F}.Release|Any CPU.Build.0 = Release|Any CPU
		{314F6516-3C08-4F45-9957-1B2AA3FB43C5}.Debug|Any CPU.ActiveCfg = Debug|Any CPU
		{314F6516-3C08-4F45-9957-1B2AA3FB43C5}.Debug|Any CPU.Build.0 = Debug|Any CPU
		{314F6516-3C08-4F45-9957-1B2AA3FB43C5}.Release|Any CPU.ActiveCfg = Release|Any CPU
		{314F6516-3C08-4F45-9957-1B2AA3FB43C5}.Release|Any CPU.Build.0 = Release|Any CPU
		{31FC13C6-43D8-4676-A9E1-429F74ACD755}.Debug|Any CPU.ActiveCfg = Debug|Any CPU
		{31FC13C6-43D8-4676-A9E1-429F74ACD755}.Debug|Any CPU.Build.0 = Debug|Any CPU
		{31FC13C6-43D8-4676-A9E1-429F74ACD755}.Release|Any CPU.ActiveCfg = Release|Any CPU
		{31FC13C6-43D8-4676-A9E1-429F74ACD755}.Release|Any CPU.Build.0 = Release|Any CPU
		{BD4D1E9A-5B89-40D4-A5F0-E18FDDB14605}.Debug|Any CPU.ActiveCfg = Debug|Any CPU
		{BD4D1E9A-5B89-40D4-A5F0-E18FDDB14605}.Debug|Any CPU.Build.0 = Debug|Any CPU
		{BD4D1E9A-5B89-40D4-A5F0-E18FDDB14605}.Release|Any CPU.ActiveCfg = Release|Any CPU
		{BD4D1E9A-5B89-40D4-A5F0-E18FDDB14605}.Release|Any CPU.Build.0 = Release|Any CPU
		{298DEC00-54D4-4DE2-8AC0-56BE2225D6A8}.Debug|Any CPU.ActiveCfg = Debug|Any CPU
		{298DEC00-54D4-4DE2-8AC0-56BE2225D6A8}.Debug|Any CPU.Build.0 = Debug|Any CPU
		{298DEC00-54D4-4DE2-8AC0-56BE2225D6A8}.Release|Any CPU.ActiveCfg = Release|Any CPU
		{298DEC00-54D4-4DE2-8AC0-56BE2225D6A8}.Release|Any CPU.Build.0 = Release|Any CPU
		{6733ABDE-6B17-4265-8216-886C50E9FE33}.Debug|Any CPU.ActiveCfg = Debug|Any CPU
		{6733ABDE-6B17-4265-8216-886C50E9FE33}.Debug|Any CPU.Build.0 = Debug|Any CPU
		{6733ABDE-6B17-4265-8216-886C50E9FE33}.Release|Any CPU.ActiveCfg = Release|Any CPU
		{6733ABDE-6B17-4265-8216-886C50E9FE33}.Release|Any CPU.Build.0 = Release|Any CPU
		{30C3DE01-4797-4A4A-A6E7-3AB65506C6FD}.Debug|Any CPU.ActiveCfg = Debug|Any CPU
		{30C3DE01-4797-4A4A-A6E7-3AB65506C6FD}.Debug|Any CPU.Build.0 = Debug|Any CPU
		{30C3DE01-4797-4A4A-A6E7-3AB65506C6FD}.Release|Any CPU.ActiveCfg = Release|Any CPU
		{30C3DE01-4797-4A4A-A6E7-3AB65506C6FD}.Release|Any CPU.Build.0 = Release|Any CPU
		{16786513-8D79-41B8-889C-44281285280F}.Debug|Any CPU.ActiveCfg = Debug|Any CPU
		{16786513-8D79-41B8-889C-44281285280F}.Debug|Any CPU.Build.0 = Debug|Any CPU
		{16786513-8D79-41B8-889C-44281285280F}.Release|Any CPU.ActiveCfg = Release|Any CPU
		{16786513-8D79-41B8-889C-44281285280F}.Release|Any CPU.Build.0 = Release|Any CPU
		{93D821A8-4078-4FCA-AB2C-A046A393BDC3}.Debug|Any CPU.ActiveCfg = Debug|Any CPU
		{93D821A8-4078-4FCA-AB2C-A046A393BDC3}.Debug|Any CPU.Build.0 = Debug|Any CPU
		{93D821A8-4078-4FCA-AB2C-A046A393BDC3}.Release|Any CPU.ActiveCfg = Release|Any CPU
		{93D821A8-4078-4FCA-AB2C-A046A393BDC3}.Release|Any CPU.Build.0 = Release|Any CPU
	EndGlobalSection
	GlobalSection(SolutionProperties) = preSolution
		HideSolutionNode = FALSE
	EndGlobalSection
	GlobalSection(ExtensibilityGlobals) = postSolution
		SolutionGuid = {0D4CA941-C519-4A62-B324-1BB83E377289}
	EndGlobalSection
	GlobalSection(NestedProjects) = preSolution
		{51A5DA43-F890-4D39-B914-04D8F426658C} = {DE59283B-A7F4-4CDD-B054-9154335B214B}
		{6BF67102-00D6-467F-9DCA-13938AD9E9C8} = {DE59283B-A7F4-4CDD-B054-9154335B214B}
		{FC42F30C-EAE8-441E-A05D-163E25B98F2C} = {DE59283B-A7F4-4CDD-B054-9154335B214B}
		{C98BA140-F248-414E-9B35-EC52A11BB45F} = {DE59283B-A7F4-4CDD-B054-9154335B214B}
		{314F6516-3C08-4F45-9957-1B2AA3FB43C5} = {DE59283B-A7F4-4CDD-B054-9154335B214B}
		{31FC13C6-43D8-4676-A9E1-429F74ACD755} = {DE59283B-A7F4-4CDD-B054-9154335B214B}
		{BD4D1E9A-5B89-40D4-A5F0-E18FDDB14605} = {DE59283B-A7F4-4CDD-B054-9154335B214B}
		{298DEC00-54D4-4DE2-8AC0-56BE2225D6A8} = {DE59283B-A7F4-4CDD-B054-9154335B214B}
		{6733ABDE-6B17-4265-8216-886C50E9FE33} = {DE59283B-A7F4-4CDD-B054-9154335B214B}
		{30C3DE01-4797-4A4A-A6E7-3AB65506C6FD} = {DE59283B-A7F4-4CDD-B054-9154335B214B}
		{16786513-8D79-41B8-889C-44281285280F} = {DE59283B-A7F4-4CDD-B054-9154335B214B}
		{93D821A8-4078-4FCA-AB2C-A046A393BDC3} = {DE59283B-A7F4-4CDD-B054-9154335B214B}
	EndGlobalSection
EndGlobal
