
Microsoft Visual Studio Solution File, Format Version 12.00
# Visual Studio Version 17
VisualStudioVersion = 17.0.31612.314
MinimumVisualStudioVersion = 10.0.40219.1
Project("{9A19103F-16F7-4668-BE54-9A1E7A4F7556}") = "AdminAssistant.Test", "AdminAssistant.Test\AdminAssistant.Test.csproj", "{0ADEA26B-F913-4BC2-9860-3E9523C844ED}"
EndProject
Project("{9A19103F-16F7-4668-BE54-9A1E7A4F7556}") = "AdminAssistant.UI", "AdminAssistant.UI\AdminAssistant.UI.csproj", "{9E39B9F2-0A2E-4423-A4D8-19D6422AC859}"
EndProject
Project("{2150E333-8FDC-42A3-9474-1A3956D46DE8}") = "Solution Items", "Solution Items", "{7E27F45C-02D4-47C4-9D0E-B64AB9AE3DA6}"
	ProjectSection(SolutionItems) = preProject
		.editorconfig = .editorconfig
		..\docs\cli.md = ..\docs\cli.md
		..\docs\database.dbml = ..\docs\database.dbml
		Directory.Build.props = Directory.Build.props
		Directory.Packages.props = Directory.Packages.props
		global.json = global.json
	EndProjectSection
EndProject
Project("{9A19103F-16F7-4668-BE54-9A1E7A4F7556}") = "AdminAssistant.Infrastructure", "AdminAssistant.Infrastructure\AdminAssistant.Infrastructure.csproj", "{FFBA789F-F289-4C7E-AAF0-55B453A30A0D}"
EndProject
Project("{9A19103F-16F7-4668-BE54-9A1E7A4F7556}") = "AdminAssistant.DomainModel", "AdminAssistant.DomainModel\AdminAssistant.DomainModel.csproj", "{37E3A777-7802-411D-8738-9C55B6A5288E}"
EndProject
Project("{9A19103F-16F7-4668-BE54-9A1E7A4F7556}") = "AdminAssistant.Retro", "AdminAssistant.Retro\AdminAssistant.Retro.csproj", "{E72BBBA7-8A75-47E2-BFF4-7460163616E2}"
EndProject
Project("{9A19103F-16F7-4668-BE54-9A1E7A4F7556}") = "AdminAssistant.Infrastructure.ClientSide", "AdminAssistant.Infrastructure.ClientSide\AdminAssistant.Infrastructure.ClientSide.csproj", "{CA7C589A-4830-495B-9B96-B2E9D01E78F4}"
EndProject
Project("{9A19103F-16F7-4668-BE54-9A1E7A4F7556}") = "AdminAssistant.Blazor.Server", "AdminAssistant.Blazor.Server\AdminAssistant.Blazor.Server.csproj", "{6A9F66A8-5E16-4048-8377-408EB7237009}"
EndProject
Project("{9A19103F-16F7-4668-BE54-9A1E7A4F7556}") = "AdminAssistant.Blazor.Webasm", "AdminAssistant.Blazor.Webasm\AdminAssistant.Blazor.Webasm.csproj", "{8E0EA277-046E-46CA-B275-B75B1B5616F3}"
EndProject
Project("{9A19103F-16F7-4668-BE54-9A1E7A4F7556}") = "AdminAssistant.Application", "AdminAssistant.Application\AdminAssistant.Application.csproj", "{B4A1067A-4623-4B65-93FE-82CAAED987E8}"
EndProject
Project("{9A19103F-16F7-4668-BE54-9A1E7A4F7556}") = "SimonGeering.Framework", "SimonGeering.Framework\SimonGeering.Framework.csproj", "{6FF549EC-56C8-44A2-BEEC-0773B504341B}"
EndProject
Project("{9A19103F-16F7-4668-BE54-9A1E7A4F7556}") = "SimonGeering.Framework.Test", "SimonGeering.Framework.Test\SimonGeering.Framework.Test.csproj", "{B506489B-9AFF-4D95-A063-76CFD4712F5D}"
EndProject
Project("{9A19103F-16F7-4668-BE54-9A1E7A4F7556}") = "AdminAssistant.Aspire.AppHost", "AdminAssistant.Aspire.AppHost\AdminAssistant.Aspire.AppHost.csproj", "{A9D0D587-7EC3-4503-9773-BEB2EDF21387}"
EndProject
Project("{9A19103F-16F7-4668-BE54-9A1E7A4F7556}") = "AdminAssistant.Aspire.ServiceDefaults", "AdminAssistant.Aspire.ServiceDefaults\AdminAssistant.Aspire.ServiceDefaults.csproj", "{36752223-0E9C-4EBC-8A26-577E7E3C5D66}"
EndProject
Project("{2150E333-8FDC-42A3-9474-1A3956D46DE8}") = "Services", "Services", "{E621AC1D-1CB7-4546-A7D6-D6AC0699965E}"
EndProject
Project("{9A19103F-16F7-4668-BE54-9A1E7A4F7556}") = "AdminAssistant.Services.AssetRegister", "Services\AdminAssistant.Services.AssetRegister\AdminAssistant.Services.AssetRegister.csproj", "{8B5736DF-62AC-45BD-9AAE-2424A9098AC4}"
EndProject
Project("{9A19103F-16F7-4668-BE54-9A1E7A4F7556}") = "AdminAssistant.Services.Accounts", "Services\AdminAssistant.Services.Accounts\AdminAssistant.Services.Accounts.csproj", "{D233D3F1-5A0D-464A-B8FD-67C32C73BE0D}"
EndProject
Project("{9A19103F-16F7-4668-BE54-9A1E7A4F7556}") = "AdminAssistant.Services.Core", "Services\AdminAssistant.Services.Core\AdminAssistant.Services.Core.csproj", "{C7C25284-71F5-414B-939A-207BC4DD9F96}"
EndProject
Project("{9A19103F-16F7-4668-BE54-9A1E7A4F7556}") = "AdminAssistant.Services.Budget", "Services\AdminAssistant.Services.Budget\AdminAssistant.Services.Budget.csproj", "{3B09A89A-971A-4E8E-8E01-97690054EDF0}"
EndProject
Project("{9A19103F-16F7-4668-BE54-9A1E7A4F7556}") = "AdminAssistant.Services.Calendar", "Services\AdminAssistant.Services.Calendar\AdminAssistant.Services.Calendar.csproj", "{C2830D9F-11D9-448E-A644-FA3BA23D4904}"
EndProject
Project("{9A19103F-16F7-4668-BE54-9A1E7A4F7556}") = "AdminAssistant.Services.Contacts", "Services\AdminAssistant.Services.Contacts\AdminAssistant.Services.Contacts.csproj", "{F5302E9A-4ACA-414C-8D4A-4C2A5450BEB1}"
EndProject
Project("{9A19103F-16F7-4668-BE54-9A1E7A4F7556}") = "AdminAssistant.Services.Documents", "Services\AdminAssistant.Services.Documents\AdminAssistant.Services.Documents.csproj", "{C35DA128-58FE-4110-868D-7DF12CEC366F}"
EndProject
Project("{9A19103F-16F7-4668-BE54-9A1E7A4F7556}") = "AdminAssistant.Services.Mail", "Services\AdminAssistant.Services.Mail\AdminAssistant.Services.Mail.csproj", "{430076A2-1A95-4E43-95BD-61B9531DAF76}"
EndProject
Project("{9A19103F-16F7-4668-BE54-9A1E7A4F7556}") = "AdminAssistant.Services.Tasks", "Services\AdminAssistant.Services.Tasks\AdminAssistant.Services.Tasks.csproj", "{06F69607-4D33-487B-BE65-C20643FCC4CC}"
EndProject
Project("{9A19103F-16F7-4668-BE54-9A1E7A4F7556}") = "AdminAssistant.Services.Notes", "Services\AdminAssistant.Services.Notes\AdminAssistant.Services.Notes.csproj", "{191A190F-C7B1-4275-8776-F3E07BA92681}"
EndProject
Project("{9A19103F-16F7-4668-BE54-9A1E7A4F7556}") = "AdminAssistant.Services.Admin", "Services\AdminAssistant.Services.Admin\AdminAssistant.Services.Admin.csproj", "{DE739157-3D5E-41AE-BBFD-1C3C6D3C8824}"
EndProject
Project("{9A19103F-16F7-4668-BE54-9A1E7A4F7556}") = "AdminAssistant.Services.ScheduledPayments", "Services\AdminAssistant.Services.ScheduledPayments\AdminAssistant.Services.ScheduledPayments.csproj", "{8E6287A9-EA2C-46BE-9971-A33082341D91}"
EndProject
Project("{9A19103F-16F7-4668-BE54-9A1E7A4F7556}") = "AdminAssistant.Gateway", "AdminAssistant.Gateway\AdminAssistant.Gateway.csproj", "{095BEBDA-77AF-4598-A6A6-4CE38269ABC2}"
EndProject
Project("{9A19103F-16F7-4668-BE54-9A1E7A4F7556}") = "AdminAssistant.Hangfire", "AdminAssistant.Hangfire\AdminAssistant.Hangfire.csproj", "{62843875-0F16-42B3-A6EC-801A9C22438F}"
EndProject
Project("{FAE04EC0-301F-11D3-BF4B-00C04F79EFBC}") = "AdminAssistant.Blazor", "AdminAssistant.Blazor\AdminAssistant.Blazor\AdminAssistant.Blazor.csproj", "{AD0172EA-1BF2-4186-9541-64348CEEAF16}"
EndProject
Project("{FAE04EC0-301F-11D3-BF4B-00C04F79EFBC}") = "AdminAssistant.Blazor.Client", "AdminAssistant.Blazor\AdminAssistant.Blazor.Client\AdminAssistant.Blazor.Client.csproj", "{375B1D39-C4F0-4EAE-B17F-151878142B2D}"
EndProject
Global
	GlobalSection(SolutionConfigurationPlatforms) = preSolution
		Debug|Any CPU = Debug|Any CPU
		Release|Any CPU = Release|Any CPU
	EndGlobalSection
	GlobalSection(ProjectConfigurationPlatforms) = postSolution
		{0ADEA26B-F913-4BC2-9860-3E9523C844ED}.Debug|Any CPU.ActiveCfg = Debug|Any CPU
		{0ADEA26B-F913-4BC2-9860-3E9523C844ED}.Debug|Any CPU.Build.0 = Debug|Any CPU
		{0ADEA26B-F913-4BC2-9860-3E9523C844ED}.Release|Any CPU.ActiveCfg = Release|Any CPU
		{0ADEA26B-F913-4BC2-9860-3E9523C844ED}.Release|Any CPU.Build.0 = Release|Any CPU
		{9E39B9F2-0A2E-4423-A4D8-19D6422AC859}.Debug|Any CPU.ActiveCfg = Debug|Any CPU
		{9E39B9F2-0A2E-4423-A4D8-19D6422AC859}.Debug|Any CPU.Build.0 = Debug|Any CPU
		{9E39B9F2-0A2E-4423-A4D8-19D6422AC859}.Release|Any CPU.ActiveCfg = Release|Any CPU
		{9E39B9F2-0A2E-4423-A4D8-19D6422AC859}.Release|Any CPU.Build.0 = Release|Any CPU
		{FFBA789F-F289-4C7E-AAF0-55B453A30A0D}.Debug|Any CPU.ActiveCfg = Debug|Any CPU
		{FFBA789F-F289-4C7E-AAF0-55B453A30A0D}.Debug|Any CPU.Build.0 = Debug|Any CPU
		{FFBA789F-F289-4C7E-AAF0-55B453A30A0D}.Release|Any CPU.ActiveCfg = Release|Any CPU
		{FFBA789F-F289-4C7E-AAF0-55B453A30A0D}.Release|Any CPU.Build.0 = Release|Any CPU
		{37E3A777-7802-411D-8738-9C55B6A5288E}.Debug|Any CPU.ActiveCfg = Debug|Any CPU
		{37E3A777-7802-411D-8738-9C55B6A5288E}.Debug|Any CPU.Build.0 = Debug|Any CPU
		{37E3A777-7802-411D-8738-9C55B6A5288E}.Release|Any CPU.ActiveCfg = Release|Any CPU
		{37E3A777-7802-411D-8738-9C55B6A5288E}.Release|Any CPU.Build.0 = Release|Any CPU
		{E72BBBA7-8A75-47E2-BFF4-7460163616E2}.Debug|Any CPU.ActiveCfg = Debug|Any CPU
		{E72BBBA7-8A75-47E2-BFF4-7460163616E2}.Debug|Any CPU.Build.0 = Debug|Any CPU
		{E72BBBA7-8A75-47E2-BFF4-7460163616E2}.Release|Any CPU.ActiveCfg = Release|Any CPU
		{E72BBBA7-8A75-47E2-BFF4-7460163616E2}.Release|Any CPU.Build.0 = Release|Any CPU
		{CA7C589A-4830-495B-9B96-B2E9D01E78F4}.Debug|Any CPU.ActiveCfg = Debug|Any CPU
		{CA7C589A-4830-495B-9B96-B2E9D01E78F4}.Debug|Any CPU.Build.0 = Debug|Any CPU
		{CA7C589A-4830-495B-9B96-B2E9D01E78F4}.Release|Any CPU.ActiveCfg = Release|Any CPU
		{CA7C589A-4830-495B-9B96-B2E9D01E78F4}.Release|Any CPU.Build.0 = Release|Any CPU
		{6A9F66A8-5E16-4048-8377-408EB7237009}.Debug|Any CPU.ActiveCfg = Debug|Any CPU
		{6A9F66A8-5E16-4048-8377-408EB7237009}.Debug|Any CPU.Build.0 = Debug|Any CPU
		{6A9F66A8-5E16-4048-8377-408EB7237009}.Release|Any CPU.ActiveCfg = Release|Any CPU
		{6A9F66A8-5E16-4048-8377-408EB7237009}.Release|Any CPU.Build.0 = Release|Any CPU
		{8E0EA277-046E-46CA-B275-B75B1B5616F3}.Debug|Any CPU.ActiveCfg = Debug|Any CPU
		{8E0EA277-046E-46CA-B275-B75B1B5616F3}.Debug|Any CPU.Build.0 = Debug|Any CPU
		{8E0EA277-046E-46CA-B275-B75B1B5616F3}.Release|Any CPU.ActiveCfg = Release|Any CPU
		{8E0EA277-046E-46CA-B275-B75B1B5616F3}.Release|Any CPU.Build.0 = Release|Any CPU
		{B4A1067A-4623-4B65-93FE-82CAAED987E8}.Debug|Any CPU.ActiveCfg = Debug|Any CPU
		{B4A1067A-4623-4B65-93FE-82CAAED987E8}.Debug|Any CPU.Build.0 = Debug|Any CPU
		{B4A1067A-4623-4B65-93FE-82CAAED987E8}.Release|Any CPU.ActiveCfg = Release|Any CPU
		{B4A1067A-4623-4B65-93FE-82CAAED987E8}.Release|Any CPU.Build.0 = Release|Any CPU
		{6FF549EC-56C8-44A2-BEEC-0773B504341B}.Debug|Any CPU.ActiveCfg = Debug|Any CPU
		{6FF549EC-56C8-44A2-BEEC-0773B504341B}.Debug|Any CPU.Build.0 = Debug|Any CPU
		{6FF549EC-56C8-44A2-BEEC-0773B504341B}.Release|Any CPU.ActiveCfg = Release|Any CPU
		{6FF549EC-56C8-44A2-BEEC-0773B504341B}.Release|Any CPU.Build.0 = Release|Any CPU
		{B506489B-9AFF-4D95-A063-76CFD4712F5D}.Debug|Any CPU.ActiveCfg = Debug|Any CPU
		{B506489B-9AFF-4D95-A063-76CFD4712F5D}.Debug|Any CPU.Build.0 = Debug|Any CPU
		{B506489B-9AFF-4D95-A063-76CFD4712F5D}.Release|Any CPU.ActiveCfg = Release|Any CPU
		{B506489B-9AFF-4D95-A063-76CFD4712F5D}.Release|Any CPU.Build.0 = Release|Any CPU
		{A9D0D587-7EC3-4503-9773-BEB2EDF21387}.Debug|Any CPU.ActiveCfg = Debug|Any CPU
		{A9D0D587-7EC3-4503-9773-BEB2EDF21387}.Debug|Any CPU.Build.0 = Debug|Any CPU
		{A9D0D587-7EC3-4503-9773-BEB2EDF21387}.Release|Any CPU.ActiveCfg = Release|Any CPU
		{A9D0D587-7EC3-4503-9773-BEB2EDF21387}.Release|Any CPU.Build.0 = Release|Any CPU
		{36752223-0E9C-4EBC-8A26-577E7E3C5D66}.Debug|Any CPU.ActiveCfg = Debug|Any CPU
		{36752223-0E9C-4EBC-8A26-577E7E3C5D66}.Debug|Any CPU.Build.0 = Debug|Any CPU
		{36752223-0E9C-4EBC-8A26-577E7E3C5D66}.Release|Any CPU.ActiveCfg = Release|Any CPU
		{36752223-0E9C-4EBC-8A26-577E7E3C5D66}.Release|Any CPU.Build.0 = Release|Any CPU
		{8B5736DF-62AC-45BD-9AAE-2424A9098AC4}.Debug|Any CPU.ActiveCfg = Debug|Any CPU
		{8B5736DF-62AC-45BD-9AAE-2424A9098AC4}.Debug|Any CPU.Build.0 = Debug|Any CPU
		{8B5736DF-62AC-45BD-9AAE-2424A9098AC4}.Release|Any CPU.ActiveCfg = Release|Any CPU
		{8B5736DF-62AC-45BD-9AAE-2424A9098AC4}.Release|Any CPU.Build.0 = Release|Any CPU
		{D233D3F1-5A0D-464A-B8FD-67C32C73BE0D}.Debug|Any CPU.ActiveCfg = Debug|Any CPU
		{D233D3F1-5A0D-464A-B8FD-67C32C73BE0D}.Debug|Any CPU.Build.0 = Debug|Any CPU
		{D233D3F1-5A0D-464A-B8FD-67C32C73BE0D}.Release|Any CPU.ActiveCfg = Release|Any CPU
		{D233D3F1-5A0D-464A-B8FD-67C32C73BE0D}.Release|Any CPU.Build.0 = Release|Any CPU
		{C7C25284-71F5-414B-939A-207BC4DD9F96}.Debug|Any CPU.ActiveCfg = Debug|Any CPU
		{C7C25284-71F5-414B-939A-207BC4DD9F96}.Debug|Any CPU.Build.0 = Debug|Any CPU
		{C7C25284-71F5-414B-939A-207BC4DD9F96}.Release|Any CPU.ActiveCfg = Release|Any CPU
		{C7C25284-71F5-414B-939A-207BC4DD9F96}.Release|Any CPU.Build.0 = Release|Any CPU
		{3B09A89A-971A-4E8E-8E01-97690054EDF0}.Debug|Any CPU.ActiveCfg = Debug|Any CPU
		{3B09A89A-971A-4E8E-8E01-97690054EDF0}.Debug|Any CPU.Build.0 = Debug|Any CPU
		{3B09A89A-971A-4E8E-8E01-97690054EDF0}.Release|Any CPU.ActiveCfg = Release|Any CPU
		{3B09A89A-971A-4E8E-8E01-97690054EDF0}.Release|Any CPU.Build.0 = Release|Any CPU
		{C2830D9F-11D9-448E-A644-FA3BA23D4904}.Debug|Any CPU.ActiveCfg = Debug|Any CPU
		{C2830D9F-11D9-448E-A644-FA3BA23D4904}.Debug|Any CPU.Build.0 = Debug|Any CPU
		{C2830D9F-11D9-448E-A644-FA3BA23D4904}.Release|Any CPU.ActiveCfg = Release|Any CPU
		{C2830D9F-11D9-448E-A644-FA3BA23D4904}.Release|Any CPU.Build.0 = Release|Any CPU
		{F5302E9A-4ACA-414C-8D4A-4C2A5450BEB1}.Debug|Any CPU.ActiveCfg = Debug|Any CPU
		{F5302E9A-4ACA-414C-8D4A-4C2A5450BEB1}.Debug|Any CPU.Build.0 = Debug|Any CPU
		{F5302E9A-4ACA-414C-8D4A-4C2A5450BEB1}.Release|Any CPU.ActiveCfg = Release|Any CPU
		{F5302E9A-4ACA-414C-8D4A-4C2A5450BEB1}.Release|Any CPU.Build.0 = Release|Any CPU
		{C35DA128-58FE-4110-868D-7DF12CEC366F}.Debug|Any CPU.ActiveCfg = Debug|Any CPU
		{C35DA128-58FE-4110-868D-7DF12CEC366F}.Debug|Any CPU.Build.0 = Debug|Any CPU
		{C35DA128-58FE-4110-868D-7DF12CEC366F}.Release|Any CPU.ActiveCfg = Release|Any CPU
		{C35DA128-58FE-4110-868D-7DF12CEC366F}.Release|Any CPU.Build.0 = Release|Any CPU
		{430076A2-1A95-4E43-95BD-61B9531DAF76}.Debug|Any CPU.ActiveCfg = Debug|Any CPU
		{430076A2-1A95-4E43-95BD-61B9531DAF76}.Debug|Any CPU.Build.0 = Debug|Any CPU
		{430076A2-1A95-4E43-95BD-61B9531DAF76}.Release|Any CPU.ActiveCfg = Release|Any CPU
		{430076A2-1A95-4E43-95BD-61B9531DAF76}.Release|Any CPU.Build.0 = Release|Any CPU
		{06F69607-4D33-487B-BE65-C20643FCC4CC}.Debug|Any CPU.ActiveCfg = Debug|Any CPU
		{06F69607-4D33-487B-BE65-C20643FCC4CC}.Debug|Any CPU.Build.0 = Debug|Any CPU
		{06F69607-4D33-487B-BE65-C20643FCC4CC}.Release|Any CPU.ActiveCfg = Release|Any CPU
		{06F69607-4D33-487B-BE65-C20643FCC4CC}.Release|Any CPU.Build.0 = Release|Any CPU
		{191A190F-C7B1-4275-8776-F3E07BA92681}.Debug|Any CPU.ActiveCfg = Debug|Any CPU
		{191A190F-C7B1-4275-8776-F3E07BA92681}.Debug|Any CPU.Build.0 = Debug|Any CPU
		{191A190F-C7B1-4275-8776-F3E07BA92681}.Release|Any CPU.ActiveCfg = Release|Any CPU
		{191A190F-C7B1-4275-8776-F3E07BA92681}.Release|Any CPU.Build.0 = Release|Any CPU
		{DE739157-3D5E-41AE-BBFD-1C3C6D3C8824}.Debug|Any CPU.ActiveCfg = Debug|Any CPU
		{DE739157-3D5E-41AE-BBFD-1C3C6D3C8824}.Debug|Any CPU.Build.0 = Debug|Any CPU
		{DE739157-3D5E-41AE-BBFD-1C3C6D3C8824}.Release|Any CPU.ActiveCfg = Release|Any CPU
		{DE739157-3D5E-41AE-BBFD-1C3C6D3C8824}.Release|Any CPU.Build.0 = Release|Any CPU
		{8E6287A9-EA2C-46BE-9971-A33082341D91}.Debug|Any CPU.ActiveCfg = Debug|Any CPU
		{8E6287A9-EA2C-46BE-9971-A33082341D91}.Debug|Any CPU.Build.0 = Debug|Any CPU
		{8E6287A9-EA2C-46BE-9971-A33082341D91}.Release|Any CPU.ActiveCfg = Release|Any CPU
		{8E6287A9-EA2C-46BE-9971-A33082341D91}.Release|Any CPU.Build.0 = Release|Any CPU
		{095BEBDA-77AF-4598-A6A6-4CE38269ABC2}.Debug|Any CPU.ActiveCfg = Debug|Any CPU
		{095BEBDA-77AF-4598-A6A6-4CE38269ABC2}.Debug|Any CPU.Build.0 = Debug|Any CPU
		{095BEBDA-77AF-4598-A6A6-4CE38269ABC2}.Release|Any CPU.ActiveCfg = Release|Any CPU
		{095BEBDA-77AF-4598-A6A6-4CE38269ABC2}.Release|Any CPU.Build.0 = Release|Any CPU
		{62843875-0F16-42B3-A6EC-801A9C22438F}.Debug|Any CPU.ActiveCfg = Debug|Any CPU
		{62843875-0F16-42B3-A6EC-801A9C22438F}.Debug|Any CPU.Build.0 = Debug|Any CPU
		{62843875-0F16-42B3-A6EC-801A9C22438F}.Release|Any CPU.ActiveCfg = Release|Any CPU
		{62843875-0F16-42B3-A6EC-801A9C22438F}.Release|Any CPU.Build.0 = Release|Any CPU
		{AD0172EA-1BF2-4186-9541-64348CEEAF16}.Debug|Any CPU.ActiveCfg = Debug|Any CPU
		{AD0172EA-1BF2-4186-9541-64348CEEAF16}.Debug|Any CPU.Build.0 = Debug|Any CPU
		{AD0172EA-1BF2-4186-9541-64348CEEAF16}.Release|Any CPU.ActiveCfg = Release|Any CPU
		{AD0172EA-1BF2-4186-9541-64348CEEAF16}.Release|Any CPU.Build.0 = Release|Any CPU
		{375B1D39-C4F0-4EAE-B17F-151878142B2D}.Debug|Any CPU.ActiveCfg = Debug|Any CPU
		{375B1D39-C4F0-4EAE-B17F-151878142B2D}.Debug|Any CPU.Build.0 = Debug|Any CPU
		{375B1D39-C4F0-4EAE-B17F-151878142B2D}.Release|Any CPU.ActiveCfg = Release|Any CPU
		{375B1D39-C4F0-4EAE-B17F-151878142B2D}.Release|Any CPU.Build.0 = Release|Any CPU
	EndGlobalSection
	GlobalSection(SolutionProperties) = preSolution
		HideSolutionNode = FALSE
	EndGlobalSection
	GlobalSection(NestedProjects) = preSolution
		{8B5736DF-62AC-45BD-9AAE-2424A9098AC4} = {E621AC1D-1CB7-4546-A7D6-D6AC0699965E}
		{D233D3F1-5A0D-464A-B8FD-67C32C73BE0D} = {E621AC1D-1CB7-4546-A7D6-D6AC0699965E}
		{C7C25284-71F5-414B-939A-207BC4DD9F96} = {E621AC1D-1CB7-4546-A7D6-D6AC0699965E}
		{3B09A89A-971A-4E8E-8E01-97690054EDF0} = {E621AC1D-1CB7-4546-A7D6-D6AC0699965E}
		{C2830D9F-11D9-448E-A644-FA3BA23D4904} = {E621AC1D-1CB7-4546-A7D6-D6AC0699965E}
		{F5302E9A-4ACA-414C-8D4A-4C2A5450BEB1} = {E621AC1D-1CB7-4546-A7D6-D6AC0699965E}
		{C35DA128-58FE-4110-868D-7DF12CEC366F} = {E621AC1D-1CB7-4546-A7D6-D6AC0699965E}
		{430076A2-1A95-4E43-95BD-61B9531DAF76} = {E621AC1D-1CB7-4546-A7D6-D6AC0699965E}
		{06F69607-4D33-487B-BE65-C20643FCC4CC} = {E621AC1D-1CB7-4546-A7D6-D6AC0699965E}
		{191A190F-C7B1-4275-8776-F3E07BA92681} = {E621AC1D-1CB7-4546-A7D6-D6AC0699965E}
		{DE739157-3D5E-41AE-BBFD-1C3C6D3C8824} = {E621AC1D-1CB7-4546-A7D6-D6AC0699965E}
		{8E6287A9-EA2C-46BE-9971-A33082341D91} = {E621AC1D-1CB7-4546-A7D6-D6AC0699965E}
	EndGlobalSection
	GlobalSection(ExtensibilityGlobals) = postSolution
		SolutionGuid = {0D4CA941-C519-4A62-B324-1BB83E377289}
	EndGlobalSection
EndGlobal
