
Microsoft Visual Studio Solution File, Format Version 12.00
# Visual Studio Version 17
VisualStudioVersion = 17.0.31612.314
MinimumVisualStudioVersion = 10.0.40219.1
Project("{9A19103F-16F7-4668-BE54-9A1E7A4F7556}") = "AdminAssistant.Test", "AdminAssistant.Test\AdminAssistant.Test.csproj", "{0ADEA26B-F913-4BC2-9860-3E9523C844ED}"
EndProject
Project("{9A19103F-16F7-4668-BE54-9A1E7A4F7556}") = "AdminAssistant.UI", "AdminAssistant.UI\AdminAssistant.UI.csproj", "{9E39B9F2-0A2E-4423-A4D8-19D6422AC859}"
EndProject
Project("{2150E333-8FDC-42A3-9474-1A3956D46DE8}") = "Solution Items", "Solution Items", "{7E27F45C-02D4-47C4-9D0E-B64AB9AE3DA6}"
	ProjectSection(SolutionItems) = preProject
		.editorconfig = .editorconfig
		..\docs\cli.md = ..\docs\cli.md
		..\docs\database.dbml = ..\docs\database.dbml
		Directory.Packages.props = Directory.Packages.props
		global.json = global.json
	EndProjectSection
EndProject
Project("{9A19103F-16F7-4668-BE54-9A1E7A4F7556}") = "AdminAssistant.Infra", "AdminAssistant.Infra\AdminAssistant.Infra.csproj", "{FFBA789F-F289-4C7E-AAF0-55B453A30A0D}"
EndProject
Project("{9A19103F-16F7-4668-BE54-9A1E7A4F7556}") = "AdminAssistant.DomainModel", "AdminAssistant.DomainModel\AdminAssistant.DomainModel.csproj", "{37E3A777-7802-411D-8738-9C55B6A5288E}"
EndProject
Project("{9A19103F-16F7-4668-BE54-9A1E7A4F7556}") = "AdminAssistant.Retro", "AdminAssistant.Retro\AdminAssistant.Retro.csproj", "{E72BBBA7-8A75-47E2-BFF4-7460163616E2}"
EndProject
Project("{9A19103F-16F7-4668-BE54-9A1E7A4F7556}") = "AdminAssistant.Infra.ClientSide", "AdminAssistant.Infra.ClientSide\AdminAssistant.Infra.ClientSide.csproj", "{CA7C589A-4830-495B-9B96-B2E9D01E78F4}"
EndProject
Project("{9A19103F-16F7-4668-BE54-9A1E7A4F7556}") = "AdminAssistant.Abstractions", "AdminAssistant.Abstractions\AdminAssistant.Abstractions.csproj", "{705D509A-3726-4856-9779-627E26FAFFA0}"
EndProject
Project("{9A19103F-16F7-4668-BE54-9A1E7A4F7556}") = "AdminAssistant.Blazor.Server", "AdminAssistant.Blazor.Server\AdminAssistant.Blazor.Server.csproj", "{6A9F66A8-5E16-4048-8377-408EB7237009}"
EndProject
Project("{9A19103F-16F7-4668-BE54-9A1E7A4F7556}") = "AdminAssistant.Blazor.Webasm", "AdminAssistant.Blazor.Webasm\AdminAssistant.Blazor.Webasm.csproj", "{8E0EA277-046E-46CA-B275-B75B1B5616F3}"
EndProject
Project("{FAE04EC0-301F-11D3-BF4B-00C04F79EFBC}") = "AdminAssistant.Infra.WebAPIClient", "AdminAssistant.Infra.WebAPIClient\AdminAssistant.Infra.WebAPIClient.csproj", "{25A678DE-9AD5-4BBA-A14F-7BBC014AEF7C}"
EndProject
Global
	GlobalSection(SolutionConfigurationPlatforms) = preSolution
		Debug|Any CPU = Debug|Any CPU
		Release|Any CPU = Release|Any CPU
	EndGlobalSection
	GlobalSection(ProjectConfigurationPlatforms) = postSolution
		{0ADEA26B-F913-4BC2-9860-3E9523C844ED}.Debug|Any CPU.ActiveCfg = Debug|Any CPU
		{0ADEA26B-F913-4BC2-9860-3E9523C844ED}.Debug|Any CPU.Build.0 = Debug|Any CPU
		{0ADEA26B-F913-4BC2-9860-3E9523C844ED}.Release|Any CPU.ActiveCfg = Release|Any CPU
		{0ADEA26B-F913-4BC2-9860-3E9523C844ED}.Release|Any CPU.Build.0 = Release|Any CPU
		{9E39B9F2-0A2E-4423-A4D8-19D6422AC859}.Debug|Any CPU.ActiveCfg = Debug|Any CPU
		{9E39B9F2-0A2E-4423-A4D8-19D6422AC859}.Debug|Any CPU.Build.0 = Debug|Any CPU
		{9E39B9F2-0A2E-4423-A4D8-19D6422AC859}.Release|Any CPU.ActiveCfg = Release|Any CPU
		{9E39B9F2-0A2E-4423-A4D8-19D6422AC859}.Release|Any CPU.Build.0 = Release|Any CPU
		{FFBA789F-F289-4C7E-AAF0-55B453A30A0D}.Debug|Any CPU.ActiveCfg = Debug|Any CPU
		{FFBA789F-F289-4C7E-AAF0-55B453A30A0D}.Debug|Any CPU.Build.0 = Debug|Any CPU
		{FFBA789F-F289-4C7E-AAF0-55B453A30A0D}.Release|Any CPU.ActiveCfg = Release|Any CPU
		{FFBA789F-F289-4C7E-AAF0-55B453A30A0D}.Release|Any CPU.Build.0 = Release|Any CPU
		{37E3A777-7802-411D-8738-9C55B6A5288E}.Debug|Any CPU.ActiveCfg = Debug|Any CPU
		{37E3A777-7802-411D-8738-9C55B6A5288E}.Debug|Any CPU.Build.0 = Debug|Any CPU
		{37E3A777-7802-411D-8738-9C55B6A5288E}.Release|Any CPU.ActiveCfg = Release|Any CPU
		{37E3A777-7802-411D-8738-9C55B6A5288E}.Release|Any CPU.Build.0 = Release|Any CPU
		{E72BBBA7-8A75-47E2-BFF4-7460163616E2}.Debug|Any CPU.ActiveCfg = Debug|Any CPU
		{E72BBBA7-8A75-47E2-BFF4-7460163616E2}.Debug|Any CPU.Build.0 = Debug|Any CPU
		{E72BBBA7-8A75-47E2-BFF4-7460163616E2}.Release|Any CPU.ActiveCfg = Release|Any CPU
		{E72BBBA7-8A75-47E2-BFF4-7460163616E2}.Release|Any CPU.Build.0 = Release|Any CPU
		{CA7C589A-4830-495B-9B96-B2E9D01E78F4}.Debug|Any CPU.ActiveCfg = Debug|Any CPU
		{CA7C589A-4830-495B-9B96-B2E9D01E78F4}.Debug|Any CPU.Build.0 = Debug|Any CPU
		{CA7C589A-4830-495B-9B96-B2E9D01E78F4}.Release|Any CPU.ActiveCfg = Release|Any CPU
		{CA7C589A-4830-495B-9B96-B2E9D01E78F4}.Release|Any CPU.Build.0 = Release|Any CPU
		{705D509A-3726-4856-9779-627E26FAFFA0}.Debug|Any CPU.ActiveCfg = Debug|Any CPU
		{705D509A-3726-4856-9779-627E26FAFFA0}.Debug|Any CPU.Build.0 = Debug|Any CPU
		{705D509A-3726-4856-9779-627E26FAFFA0}.Release|Any CPU.ActiveCfg = Release|Any CPU
		{705D509A-3726-4856-9779-627E26FAFFA0}.Release|Any CPU.Build.0 = Release|Any CPU
		{6A9F66A8-5E16-4048-8377-408EB7237009}.Debug|Any CPU.ActiveCfg = Debug|Any CPU
		{6A9F66A8-5E16-4048-8377-408EB7237009}.Debug|Any CPU.Build.0 = Debug|Any CPU
		{6A9F66A8-5E16-4048-8377-408EB7237009}.Release|Any CPU.ActiveCfg = Release|Any CPU
		{6A9F66A8-5E16-4048-8377-408EB7237009}.Release|Any CPU.Build.0 = Release|Any CPU
		{8E0EA277-046E-46CA-B275-B75B1B5616F3}.Debug|Any CPU.ActiveCfg = Debug|Any CPU
		{8E0EA277-046E-46CA-B275-B75B1B5616F3}.Debug|Any CPU.Build.0 = Debug|Any CPU
		{8E0EA277-046E-46CA-B275-B75B1B5616F3}.Release|Any CPU.ActiveCfg = Release|Any CPU
		{8E0EA277-046E-46CA-B275-B75B1B5616F3}.Release|Any CPU.Build.0 = Release|Any CPU
		{25A678DE-9AD5-4BBA-A14F-7BBC014AEF7C}.Debug|Any CPU.ActiveCfg = Debug|Any CPU
		{25A678DE-9AD5-4BBA-A14F-7BBC014AEF7C}.Debug|Any CPU.Build.0 = Debug|Any CPU
		{25A678DE-9AD5-4BBA-A14F-7BBC014AEF7C}.Release|Any CPU.ActiveCfg = Release|Any CPU
		{25A678DE-9AD5-4BBA-A14F-7BBC014AEF7C}.Release|Any CPU.Build.0 = Release|Any CPU
	EndGlobalSection
	GlobalSection(SolutionProperties) = preSolution
		HideSolutionNode = FALSE
	EndGlobalSection
	GlobalSection(ExtensibilityGlobals) = postSolution
		SolutionGuid = {0D4CA941-C519-4A62-B324-1BB83E377289}
	EndGlobalSection
EndGlobal
